PODS:
  - AFNetworking (4.0.1):
    - AFNetworking/NSURLSession (= 4.0.1)
    - AFNetworking/Reachability (= 4.0.1)
    - AFNetworking/Security (= 4.0.1)
    - AFNetworking/Serialization (= 4.0.1)
    - AFNetworking/UIKit (= 4.0.1)
  - AFNetworking/NSURLSession (4.0.1):
    - AFNetworking/Reachability
    - AFNetworking/Security
    - AFNetworking/Serialization
  - AFNetworking/Reachability (4.0.1)
  - AFNetworking/Security (4.0.1)
  - AFNetworking/Serialization (4.0.1)
  - AFNetworking/UIKit (4.0.1):
    - AFNetworking/NSURLSession
  - AGConnectAuth (1.8.0.300):
    - AGConnectCredential (~> 1.4)
  - AGConnectCore (1.8.0.300):
    - HMFoundation (~> 1.4)
  - AGConnectCredential (1.8.0.300):
    - AGConnectCore (~> 1.4)
  - HMFoundation (1.8.0.300)
  - OHMySQL (3.2.0)
  - QWeather-SDK (4.10):
    - AFNetworking (~> 4.0.1)

DEPENDENCIES:
  - AGConnectAuth
  - AGConnectCore
  - OHMySQL
  - QWeather-SDK

SPEC REPOS:
  trunk:
    - AFNetworking
    - AGConnectAuth
    - AGConnectCore
    - AGConnectCredential
    - HMFoundation
    - OHMySQL
    - QWeather-SDK

SPEC CHECKSUMS:
  AFNetworking: 3bd23d814e976cd148d7d44c3ab78017b744cd58
  AGConnectAuth: 6cc94745d20596d370d5980bbd7bde522d98644a
  AGConnectCore: 4d95388b97ccbc00c7eb1895d832d5429f847f9f
  AGConnectCredential: 52b6a1846193e7ea83610b78fb4b82d516df4936
  HMFoundation: 578af8b08444653a722a62e32ec681d954775942
  OHMySQL: 7b131627f6da0bc82b4cf4523cea47b537ed6260
  QWeather-SDK: 20ef99647726903bb1583ceedee1d418176cedd4

PODFILE CHECKSUM: f5171093ac2b0de9744d529d59a5094ebcc4abdd

COCOAPODS: 1.12.0
