PODS:
  - AFNetworking (4.0.1):
    - AFNetworking/NSURLSession (= 4.0.1)
    - AFNetworking/Reachability (= 4.0.1)
    - AFNetworking/Security (= 4.0.1)
    - AFNetworking/Serialization (= 4.0.1)
    - AFNetworking/UIKit (= 4.0.1)
  - AFNetworking/NSURLSession (4.0.1):
    - AFNetworking/Reachability
    - AFNetworking/Security
    - AFNetworking/Serialization
  - AFNetworking/Reachability (4.0.1)
  - AFNetworking/Security (4.0.1)
  - AFNetworking/Serialization (4.0.1)
  - AFNetworking/UIKit (4.0.1):
    - AFNetworking/NSURLSession
  - Alamofire (5.6.4)
  - QWeather-SDK (4.10):
    - AFNetworking (~> 4.0.1)

DEPENDENCIES:
  - Alamofire
  - QWeather-SDK

SPEC REPOS:
  trunk:
    - AFNetworking
    - Alamofire
    - QWeather-SDK

SPEC CHECKSUMS:
  AFNetworking: 3bd23d814e976cd148d7d44c3ab78017b744cd58
  Alamofire: 4e95d97098eacb88856099c4fc79b526a299e48c
  QWeather-SDK: 20ef99647726903bb1583ceedee1d418176cedd4

PODFILE CHECKSUM: 3ad4bb33a1b0b9733fe280191b65ae37d3cb7920

COCOAPODS: 1.12.0
