// !$*UTF8*$!
{
	archiveVersion = 1;
	classes = {
	};
	objectVersion = 56;
	objects = {

/* Begin PBXBuildFile section */
		8D3818A629B788AB0089CDB4 /* UserAgreementScreen.swift in Sources */ = {isa = PBXBuildFile; fileRef = 8D3818A529B788AB0089CDB4 /* UserAgreementScreen.swift */; };
		8D3818AA29B799E80089CDB4 /* View+.swift in Sources */ = {isa = PBXBuildFile; fileRef = 8D3818A929B799E80089CDB4 /* View+.swift */; };
		8D3818AF29B817B00089CDB4 /* OTPVerificationView.swift in Sources */ = {isa = PBXBuildFile; fileRef = 8D3818AE29B817B00089CDB4 /* OTPVerificationView.swift */; };
		8D3818B129B825070089CDB4 /* Binding+.swift in Sources */ = {isa = PBXBuildFile; fileRef = 8D3818B029B825070089CDB4 /* Binding+.swift */; };
		8D3818B829BA12900089CDB4 /* AppDelegate.swift in Sources */ = {isa = PBXBuildFile; fileRef = 8D3818B729BA12900089CDB4 /* AppDelegate.swift */; };
		8D41139929B4DBAD00D40A9A /* OpeningScreen.swift in Sources */ = {isa = PBXBuildFile; fileRef = 8D41139829B4DBAD00D40A9A /* OpeningScreen.swift */; };
		8D41139D29B5817900D40A9A /* ProfileScreen.swift in Sources */ = {isa = PBXBuildFile; fileRef = 8D41139C29B5817900D40A9A /* ProfileScreen.swift */; };
		8D41139F29B5896300D40A9A /* SystemSettingScreen.swift in Sources */ = {isa = PBXBuildFile; fileRef = 8D41139E29B5896300D40A9A /* SystemSettingScreen.swift */; };
		8D4113A229B60D9D00D40A9A /* AnyTransition+.swift in Sources */ = {isa = PBXBuildFile; fileRef = 8D4113A129B60D9D00D40A9A /* AnyTransition+.swift */; };
		8D4113A829B6E1C500D40A9A /* PhoneNumberLogin.swift in Sources */ = {isa = PBXBuildFile; fileRef = 8D4113A729B6E1C500D40A9A /* PhoneNumberLogin.swift */; };
		8D5891A129DDB26600535493 /* MapView.swift in Sources */ = {isa = PBXBuildFile; fileRef = 8D5891A029DDB26600535493 /* MapView.swift */; };
		8D5891A329DDB27600535493 /* MKMapViewModel.swift in Sources */ = {isa = PBXBuildFile; fileRef = 8D5891A229DDB27600535493 /* MKMapViewModel.swift */; };
		8D5891A529DDB28400535493 /* RunningView.swift in Sources */ = {isa = PBXBuildFile; fileRef = 8D5891A429DDB28400535493 /* RunningView.swift */; };
		8D5891A729DDB28900535493 /* CountdownView.swift in Sources */ = {isa = PBXBuildFile; fileRef = 8D5891A629DDB28900535493 /* CountdownView.swift */; };
		8D5891A929DDB2A100535493 /* PaceView.swift in Sources */ = {isa = PBXBuildFile; fileRef = 8D5891A829DDB2A100535493 /* PaceView.swift */; };
		8D5FF1A129AE27CD008F7CB8 /* HomeScreen.swift in Sources */ = {isa = PBXBuildFile; fileRef = 8D5FF1A029AE27CD008F7CB8 /* HomeScreen.swift */; };
		8D5FF1A329AE2814008F7CB8 /* draft1.swift in Sources */ = {isa = PBXBuildFile; fileRef = 8D5FF1A229AE2814008F7CB8 /* draft1.swift */; };
		8D725B1629AC4AAB0095E9D3 /* AppEntry.swift in Sources */ = {isa = PBXBuildFile; fileRef = 8D725B1529AC4AAB0095E9D3 /* AppEntry.swift */; };
		8D725B1A29AC4AAC0095E9D3 /* Assets.xcassets in Resources */ = {isa = PBXBuildFile; fileRef = 8D725B1929AC4AAC0095E9D3 /* Assets.xcassets */; };
		8D725B1D29AC4AAC0095E9D3 /* Preview Assets.xcassets in Resources */ = {isa = PBXBuildFile; fileRef = 8D725B1C29AC4AAC0095E9D3 /* Preview Assets.xcassets */; };
		8D725B2529AC4C1C0095E9D3 /* SFSymbol.swift in Sources */ = {isa = PBXBuildFile; fileRef = 8D725B2429AC4C1C0095E9D3 /* SFSymbol.swift */; };
		8D725B2B29AC54F90095E9D3 /* LoginScreen.swift in Sources */ = {isa = PBXBuildFile; fileRef = 8D725B2A29AC54F90095E9D3 /* LoginScreen.swift */; };
		8D725B2D29AC551F0095E9D3 /* RegisterScreen.swift in Sources */ = {isa = PBXBuildFile; fileRef = 8D725B2C29AC551F0095E9D3 /* RegisterScreen.swift */; };
		8D77D41A29C56B7600E602A3 /* draft3.swift in Sources */ = {isa = PBXBuildFile; fileRef = 8D77D41929C56B7600E602A3 /* draft3.swift */; };
		8D77D48929CD2CA900E602A3 /* User.swift in Sources */ = {isa = PBXBuildFile; fileRef = 8D77D48829CD2CA900E602A3 /* User.swift */; };
		8D77D48F29CD30EF00E602A3 /* UserModelView.swift in Sources */ = {isa = PBXBuildFile; fileRef = 8D77D48E29CD30EF00E602A3 /* UserModelView.swift */; };
		8D864D5129BB5F01003D5DED /* agconnect-services.plist in Resources */ = {isa = PBXBuildFile; fileRef = 8D864D5029BB5F01003D5DED /* agconnect-services.plist */; };
		8D8DEEE829BC78CF00BADA50 /* PersonalDetailView.swift in Sources */ = {isa = PBXBuildFile; fileRef = 8D8DEEE729BC78CF00BADA50 /* PersonalDetailView.swift */; };
		8D8DEEEA29BC7FB800BADA50 /* AccountBindingView.swift in Sources */ = {isa = PBXBuildFile; fileRef = 8D8DEEE929BC7FB800BADA50 /* AccountBindingView.swift */; };
		8D8DEEEC29BCA92800BADA50 /* GeneralSettingView.swift in Sources */ = {isa = PBXBuildFile; fileRef = 8D8DEEEB29BCA92800BADA50 /* GeneralSettingView.swift */; };
		8D8DEEEE29BCAE4400BADA50 /* AboutView.swift in Sources */ = {isa = PBXBuildFile; fileRef = 8D8DEEED29BCAE4400BADA50 /* AboutView.swift */; };
		8D8DEEF229BCC32A00BADA50 /* ACRView.swift in Sources */ = {isa = PBXBuildFile; fileRef = 8D8DEEF129BCC32A00BADA50 /* ACRView.swift */; };
		8D8DEEF429BDF91700BADA50 /* draft2.swift in Sources */ = {isa = PBXBuildFile; fileRef = 8D8DEEF329BDF91700BADA50 /* draft2.swift */; };
		8D9B4A9C29BF61E500284F05 /* Struct+.swift in Sources */ = {isa = PBXBuildFile; fileRef = 8D9B4A9B29BF61E500284F05 /* Struct+.swift */; };
		8D9B4AA529C1B67600284F05 /* RunningScreen.swift in Sources */ = {isa = PBXBuildFile; fileRef = 8D9B4AA429C1B67600284F05 /* RunningScreen.swift */; };
		8D9B4AA729C1BB0700284F05 /* ShapeStyle+.swift in Sources */ = {isa = PBXBuildFile; fileRef = 8D9B4AA629C1BB0700284F05 /* ShapeStyle+.swift */; };
		9426E6B04A295CF3101B0EDE /* Pods_CoolRunning.framework in Frameworks */ = {isa = PBXBuildFile; fileRef = D499758B1DD212DB4D4E3DBF /* Pods_CoolRunning.framework */; };
		BB2FD36429C7286200EEF35B /* FormatDisplay.swift in Sources */ = {isa = PBXBuildFile; fileRef = BB2FD36229C7286200EEF35B /* FormatDisplay.swift */; };
/* End PBXBuildFile section */

/* Begin PBXFileReference section */
		1137A8560DB3D5919957AC64 /* Pods-CoolRunning.debug.xcconfig */ = {isa = PBXFileReference; includeInIndex = 1; lastKnownFileType = text.xcconfig; name = "Pods-CoolRunning.debug.xcconfig"; path = "Target Support Files/Pods-CoolRunning/Pods-CoolRunning.debug.xcconfig"; sourceTree = "<group>"; };
		3B428C169244CE5D5F4ABDD4 /* Pods-CoolRunning.release.xcconfig */ = {isa = PBXFileReference; includeInIndex = 1; lastKnownFileType = text.xcconfig; name = "Pods-CoolRunning.release.xcconfig"; path = "Target Support Files/Pods-CoolRunning/Pods-CoolRunning.release.xcconfig"; sourceTree = "<group>"; };
		8D3818A529B788AB0089CDB4 /* UserAgreementScreen.swift */ = {isa = PBXFileReference; lastKnownFileType = sourcecode.swift; path = UserAgreementScreen.swift; sourceTree = "<group>"; };
		8D3818A929B799E80089CDB4 /* View+.swift */ = {isa = PBXFileReference; lastKnownFileType = sourcecode.swift; path = "View+.swift"; sourceTree = "<group>"; };
		8D3818AE29B817B00089CDB4 /* OTPVerificationView.swift */ = {isa = PBXFileReference; lastKnownFileType = sourcecode.swift; path = OTPVerificationView.swift; sourceTree = "<group>"; };
		8D3818B029B825070089CDB4 /* Binding+.swift */ = {isa = PBXFileReference; lastKnownFileType = sourcecode.swift; path = "Binding+.swift"; sourceTree = "<group>"; };
		8D3818B729BA12900089CDB4 /* AppDelegate.swift */ = {isa = PBXFileReference; lastKnownFileType = sourcecode.swift; path = AppDelegate.swift; sourceTree = "<group>"; };
		8D41139829B4DBAD00D40A9A /* OpeningScreen.swift */ = {isa = PBXFileReference; lastKnownFileType = sourcecode.swift; path = OpeningScreen.swift; sourceTree = "<group>"; };
		8D41139C29B5817900D40A9A /* ProfileScreen.swift */ = {isa = PBXFileReference; lastKnownFileType = sourcecode.swift; path = ProfileScreen.swift; sourceTree = "<group>"; };
		8D41139E29B5896300D40A9A /* SystemSettingScreen.swift */ = {isa = PBXFileReference; lastKnownFileType = sourcecode.swift; path = SystemSettingScreen.swift; sourceTree = "<group>"; };
		8D4113A129B60D9D00D40A9A /* AnyTransition+.swift */ = {isa = PBXFileReference; lastKnownFileType = sourcecode.swift; path = "AnyTransition+.swift"; sourceTree = "<group>"; };
		8D4113A729B6E1C500D40A9A /* PhoneNumberLogin.swift */ = {isa = PBXFileReference; lastKnownFileType = sourcecode.swift; path = PhoneNumberLogin.swift; sourceTree = "<group>"; };
		8D5891A029DDB26600535493 /* MapView.swift */ = {isa = PBXFileReference; fileEncoding = 4; lastKnownFileType = sourcecode.swift; path = MapView.swift; sourceTree = "<group>"; };
		8D5891A229DDB27600535493 /* MKMapViewModel.swift */ = {isa = PBXFileReference; fileEncoding = 4; lastKnownFileType = sourcecode.swift; path = MKMapViewModel.swift; sourceTree = "<group>"; };
		8D5891A429DDB28400535493 /* RunningView.swift */ = {isa = PBXFileReference; fileEncoding = 4; lastKnownFileType = sourcecode.swift; path = RunningView.swift; sourceTree = "<group>"; };
		8D5891A629DDB28900535493 /* CountdownView.swift */ = {isa = PBXFileReference; fileEncoding = 4; lastKnownFileType = sourcecode.swift; path = CountdownView.swift; sourceTree = "<group>"; };
		8D5891A829DDB2A100535493 /* PaceView.swift */ = {isa = PBXFileReference; fileEncoding = 4; lastKnownFileType = sourcecode.swift; path = PaceView.swift; sourceTree = "<group>"; };
		8D5FF1A029AE27CD008F7CB8 /* HomeScreen.swift */ = {isa = PBXFileReference; lastKnownFileType = sourcecode.swift; path = HomeScreen.swift; sourceTree = "<group>"; };
		8D5FF1A229AE2814008F7CB8 /* draft1.swift */ = {isa = PBXFileReference; lastKnownFileType = sourcecode.swift; path = draft1.swift; sourceTree = "<group>"; };
		8D725B1229AC4AAB0095E9D3 /* CoolRunning.app */ = {isa = PBXFileReference; explicitFileType = wrapper.application; includeInIndex = 0; path = CoolRunning.app; sourceTree = BUILT_PRODUCTS_DIR; };
		8D725B1529AC4AAB0095E9D3 /* AppEntry.swift */ = {isa = PBXFileReference; lastKnownFileType = sourcecode.swift; path = AppEntry.swift; sourceTree = "<group>"; };
		8D725B1929AC4AAC0095E9D3 /* Assets.xcassets */ = {isa = PBXFileReference; lastKnownFileType = folder.assetcatalog; name = Assets.xcassets; path = ../Assets.xcassets; sourceTree = "<group>"; };
		8D725B1C29AC4AAC0095E9D3 /* Preview Assets.xcassets */ = {isa = PBXFileReference; lastKnownFileType = folder.assetcatalog; path = "Preview Assets.xcassets"; sourceTree = "<group>"; };
		8D725B2429AC4C1C0095E9D3 /* SFSymbol.swift */ = {isa = PBXFileReference; lastKnownFileType = sourcecode.swift; path = SFSymbol.swift; sourceTree = "<group>"; };
		8D725B2A29AC54F90095E9D3 /* LoginScreen.swift */ = {isa = PBXFileReference; lastKnownFileType = sourcecode.swift; path = LoginScreen.swift; sourceTree = "<group>"; };
		8D725B2C29AC551F0095E9D3 /* RegisterScreen.swift */ = {isa = PBXFileReference; lastKnownFileType = sourcecode.swift; path = RegisterScreen.swift; sourceTree = "<group>"; };
		8D77D41929C56B7600E602A3 /* draft3.swift */ = {isa = PBXFileReference; lastKnownFileType = sourcecode.swift; path = draft3.swift; sourceTree = "<group>"; };
		8D77D48829CD2CA900E602A3 /* User.swift */ = {isa = PBXFileReference; lastKnownFileType = sourcecode.swift; path = User.swift; sourceTree = "<group>"; };
		8D77D48E29CD30EF00E602A3 /* UserModelView.swift */ = {isa = PBXFileReference; lastKnownFileType = sourcecode.swift; path = UserModelView.swift; sourceTree = "<group>"; };
		8D864D5029BB5F01003D5DED /* agconnect-services.plist */ = {isa = PBXFileReference; fileEncoding = 4; lastKnownFileType = text.plist.xml; path = "agconnect-services.plist"; sourceTree = "<group>"; };
		8D8DEEE729BC78CF00BADA50 /* PersonalDetailView.swift */ = {isa = PBXFileReference; lastKnownFileType = sourcecode.swift; path = PersonalDetailView.swift; sourceTree = "<group>"; };
		8D8DEEE929BC7FB800BADA50 /* AccountBindingView.swift */ = {isa = PBXFileReference; lastKnownFileType = sourcecode.swift; path = AccountBindingView.swift; sourceTree = "<group>"; };
		8D8DEEEB29BCA92800BADA50 /* GeneralSettingView.swift */ = {isa = PBXFileReference; lastKnownFileType = sourcecode.swift; path = GeneralSettingView.swift; sourceTree = "<group>"; };
		8D8DEEED29BCAE4400BADA50 /* AboutView.swift */ = {isa = PBXFileReference; lastKnownFileType = sourcecode.swift; path = AboutView.swift; sourceTree = "<group>"; };
		8D8DEEF129BCC32A00BADA50 /* ACRView.swift */ = {isa = PBXFileReference; lastKnownFileType = sourcecode.swift; path = ACRView.swift; sourceTree = "<group>"; };
		8D8DEEF329BDF91700BADA50 /* draft2.swift */ = {isa = PBXFileReference; lastKnownFileType = sourcecode.swift; path = draft2.swift; sourceTree = "<group>"; };
		8D9B4A9B29BF61E500284F05 /* Struct+.swift */ = {isa = PBXFileReference; lastKnownFileType = sourcecode.swift; path = "Struct+.swift"; sourceTree = "<group>"; };
		8D9B4AA429C1B67600284F05 /* RunningScreen.swift */ = {isa = PBXFileReference; lastKnownFileType = sourcecode.swift; path = RunningScreen.swift; sourceTree = "<group>"; };
		8D9B4AA629C1BB0700284F05 /* ShapeStyle+.swift */ = {isa = PBXFileReference; lastKnownFileType = sourcecode.swift; path = "ShapeStyle+.swift"; sourceTree = "<group>"; };
		BB2FD36229C7286200EEF35B /* FormatDisplay.swift */ = {isa = PBXFileReference; fileEncoding = 4; lastKnownFileType = sourcecode.swift; path = FormatDisplay.swift; sourceTree = "<group>"; };
		BB2FD36629C728FF00EEF35B /* Info.plist */ = {isa = PBXFileReference; lastKnownFileType = text.plist; path = Info.plist; sourceTree = "<group>"; };
		D499758B1DD212DB4D4E3DBF /* Pods_CoolRunning.framework */ = {isa = PBXFileReference; explicitFileType = wrapper.framework; includeInIndex = 0; path = Pods_CoolRunning.framework; sourceTree = BUILT_PRODUCTS_DIR; };
/* End PBXFileReference section */

/* Begin PBXFrameworksBuildPhase section */
		8D725B0F29AC4AAB0095E9D3 /* Frameworks */ = {
			isa = PBXFrameworksBuildPhase;
			buildActionMask = 2147483647;
			files = (
				9426E6B04A295CF3101B0EDE /* Pods_CoolRunning.framework in Frameworks */,
			);
			runOnlyForDeploymentPostprocessing = 0;
		};
/* End PBXFrameworksBuildPhase section */

/* Begin PBXGroup section */
		22C56F2B3A7A794824C48ABF /* Frameworks */ = {
			isa = PBXGroup;
			children = (
				D499758B1DD212DB4D4E3DBF /* Pods_CoolRunning.framework */,
			);
			name = Frameworks;
			sourceTree = "<group>";
		};
		8D3818A229B7882A0089CDB4 /* UserAgreement */ = {
			isa = PBXGroup;
			children = (
				8D3818A529B788AB0089CDB4 /* UserAgreementScreen.swift */,
			);
			path = UserAgreement;
			sourceTree = "<group>";
		};
		8D3818AB29B817490089CDB4 /* OTPVerification */ = {
			isa = PBXGroup;
			children = (
				8D4113A729B6E1C500D40A9A /* PhoneNumberLogin.swift */,
				8D3818AE29B817B00089CDB4 /* OTPVerificationView.swift */,
			);
			path = OTPVerification;
			sourceTree = "<group>";
		};
		8D3818B429B9C7540089CDB4 /* Depends */ = {
			isa = PBXGroup;
			children = (
				8D864D5029BB5F01003D5DED /* agconnect-services.plist */,
				8D3818B729BA12900089CDB4 /* AppDelegate.swift */,
			);
			path = Depends;
			sourceTree = "<group>";
		};
		8D41139A29B5813300D40A9A /* Home */ = {
			isa = PBXGroup;
			children = (
				8D5FF1A029AE27CD008F7CB8 /* HomeScreen.swift */,
			);
			path = Home;
			sourceTree = "<group>";
		};
		8D41139B29B5815300D40A9A /* Profile */ = {
			isa = PBXGroup;
			children = (
				8D41139C29B5817900D40A9A /* ProfileScreen.swift */,
			);
			path = Profile;
			sourceTree = "<group>";
		};
		8D4113A029B60D6400D40A9A /* Extensions */ = {
			isa = PBXGroup;
			children = (
				8D4113A129B60D9D00D40A9A /* AnyTransition+.swift */,
				8D3818A929B799E80089CDB4 /* View+.swift */,
				8D3818B029B825070089CDB4 /* Binding+.swift */,
				BB2FD36229C7286200EEF35B /* FormatDisplay.swift */,
				8D9B4A9B29BF61E500284F05 /* Struct+.swift */,
				8D9B4AA629C1BB0700284F05 /* ShapeStyle+.swift */,
			);
			path = Extensions;
			sourceTree = "<group>";
		};
		8D5891AA29DDC16C00535493 /* Views */ = {
			isa = PBXGroup;
			children = (
				8D5891A629DDB28900535493 /* CountdownView.swift */,
				8D5891A429DDB28400535493 /* RunningView.swift */,
				8D5891A829DDB2A100535493 /* PaceView.swift */,
			);
			path = Views;
			sourceTree = "<group>";
		};
		8D725B0929AC4AAB0095E9D3 = {
			isa = PBXGroup;
			children = (
				8D725B1429AC4AAB0095E9D3 /* CoolRunning */,
				8D725B1329AC4AAB0095E9D3 /* Products */,
				DE7653E19B849903E1B43192 /* Pods */,
				22C56F2B3A7A794824C48ABF /* Frameworks */,
			);
			sourceTree = "<group>";
		};
		8D725B1329AC4AAB0095E9D3 /* Products */ = {
			isa = PBXGroup;
			children = (
				8D725B1229AC4AAB0095E9D3 /* CoolRunning.app */,
			);
			name = Products;
			sourceTree = "<group>";
		};
		8D725B1429AC4AAB0095E9D3 /* CoolRunning */ = {
			isa = PBXGroup;
			children = (
				BB2FD36629C728FF00EEF35B /* Info.plist */,
				8D725B1529AC4AAB0095E9D3 /* AppEntry.swift */,
				8D3818B429B9C7540089CDB4 /* Depends */,
				8D77D48729CD2C8100E602A3 /* Model */,
				8D77D48A29CD2D9000E602A3 /* ViewModel */,
				8D4113A029B60D6400D40A9A /* Extensions */,
				8D725B2329AC4BFA0095E9D3 /* Constant */,
				8D725B2629AC50000095E9D3 /* Screen */,
				8D725B1929AC4AAC0095E9D3 /* Assets.xcassets */,
				8D725B1B29AC4AAC0095E9D3 /* Preview Content */,
				8D5FF1A229AE2814008F7CB8 /* draft1.swift */,
				8D8DEEF329BDF91700BADA50 /* draft2.swift */,
				8D77D41929C56B7600E602A3 /* draft3.swift */,
			);
			path = CoolRunning;
			sourceTree = "<group>";
		};
		8D725B1B29AC4AAC0095E9D3 /* Preview Content */ = {
			isa = PBXGroup;
			children = (
				8D725B1C29AC4AAC0095E9D3 /* Preview Assets.xcassets */,
			);
			path = "Preview Content";
			sourceTree = "<group>";
		};
		8D725B2329AC4BFA0095E9D3 /* Constant */ = {
			isa = PBXGroup;
			children = (
				8D725B2429AC4C1C0095E9D3 /* SFSymbol.swift */,
			);
			path = Constant;
			sourceTree = "<group>";
		};
		8D725B2629AC50000095E9D3 /* Screen */ = {
			isa = PBXGroup;
			children = (
				8D41139829B4DBAD00D40A9A /* OpeningScreen.swift */,
				8D9B4AA329C1B65A00284F05 /* RunningScreen */,
				8D3818A229B7882A0089CDB4 /* UserAgreement */,
				8D725B2729AC54A00095E9D3 /* Log */,
				8D41139A29B5813300D40A9A /* Home */,
				8D41139B29B5815300D40A9A /* Profile */,
				8D8DEEE529BC341D00BADA50 /* Settings */,
			);
			path = Screen;
			sourceTree = "<group>";
		};
		8D725B2729AC54A00095E9D3 /* Log */ = {
			isa = PBXGroup;
			children = (
				8D3818AB29B817490089CDB4 /* OTPVerification */,
				8D725B2A29AC54F90095E9D3 /* LoginScreen.swift */,
				8D725B2C29AC551F0095E9D3 /* RegisterScreen.swift */,
			);
			path = Log;
			sourceTree = "<group>";
		};
		8D77D48729CD2C8100E602A3 /* Model */ = {
			isa = PBXGroup;
			children = (
				8D77D48829CD2CA900E602A3 /* User.swift */,
				8D5891A029DDB26600535493 /* MapView.swift */,
			);
			path = Model;
			sourceTree = "<group>";
		};
		8D77D48A29CD2D9000E602A3 /* ViewModel */ = {
			isa = PBXGroup;
			children = (
				8D77D48E29CD30EF00E602A3 /* UserModelView.swift */,
				8D5891A229DDB27600535493 /* MKMapViewModel.swift */,
			);
			path = ViewModel;
			sourceTree = "<group>";
		};
		8D8DEEE529BC341D00BADA50 /* Settings */ = {
			isa = PBXGroup;
			children = (
				8D8DEEE629BC789100BADA50 /* Views */,
				8D41139E29B5896300D40A9A /* SystemSettingScreen.swift */,
			);
			path = Settings;
			sourceTree = "<group>";
		};
		8D8DEEE629BC789100BADA50 /* Views */ = {
			isa = PBXGroup;
			children = (
				8DAAEDC929CF3664001B8F27 /* AccountBinding */,
				8DAAEDC829CF3652001B8F27 /* GeneralSetting */,
				8DAAEDC629CF3583001B8F27 /* PersonalDetail */,
				8D8DEEEF29BCC2F100BADA50 /* AboutView */,
			);
			path = Views;
			sourceTree = "<group>";
		};
		8D8DEEEF29BCC2F100BADA50 /* AboutView */ = {
			isa = PBXGroup;
			children = (
				8D8DEEF029BCC30A00BADA50 /* AboutCoolRunning */,
				8D8DEEED29BCAE4400BADA50 /* AboutView.swift */,
			);
			path = AboutView;
			sourceTree = "<group>";
		};
		8D8DEEF029BCC30A00BADA50 /* AboutCoolRunning */ = {
			isa = PBXGroup;
			children = (
				8D8DEEF129BCC32A00BADA50 /* ACRView.swift */,
			);
			path = AboutCoolRunning;
			sourceTree = "<group>";
		};
		8D9B4AA329C1B65A00284F05 /* RunningScreen */ = {
			isa = PBXGroup;
			children = (
				8D9B4AA429C1B67600284F05 /* RunningScreen.swift */,
				8D5891AA29DDC16C00535493 /* Views */,
			);
			path = RunningScreen;
			sourceTree = "<group>";
		};
		8DAAEDC629CF3583001B8F27 /* PersonalDetail */ = {
			isa = PBXGroup;
			children = (
				8D8DEEE729BC78CF00BADA50 /* PersonalDetailView.swift */,
			);
			path = PersonalDetail;
			sourceTree = "<group>";
		};
		8DAAEDC829CF3652001B8F27 /* GeneralSetting */ = {
			isa = PBXGroup;
			children = (
				8D8DEEEB29BCA92800BADA50 /* GeneralSettingView.swift */,
			);
			path = GeneralSetting;
			sourceTree = "<group>";
		};
		8DAAEDC929CF3664001B8F27 /* AccountBinding */ = {
			isa = PBXGroup;
			children = (
				8D8DEEE929BC7FB800BADA50 /* AccountBindingView.swift */,
			);
			path = AccountBinding;
			sourceTree = "<group>";
		};
		DE7653E19B849903E1B43192 /* Pods */ = {
			isa = PBXGroup;
			children = (
				1137A8560DB3D5919957AC64 /* Pods-CoolRunning.debug.xcconfig */,
				3B428C169244CE5D5F4ABDD4 /* Pods-CoolRunning.release.xcconfig */,
			);
			path = Pods;
			sourceTree = "<group>";
		};
/* End PBXGroup section */

/* Begin PBXNativeTarget section */
		8D725B1129AC4AAB0095E9D3 /* CoolRunning */ = {
			isa = PBXNativeTarget;
			buildConfigurationList = 8D725B2029AC4AAC0095E9D3 /* Build configuration list for PBXNativeTarget "CoolRunning" */;
			buildPhases = (
				DB82CA6941A8A85B9F984163 /* [CP] Check Pods Manifest.lock */,
				8D725B0E29AC4AAB0095E9D3 /* Sources */,
				8D725B0F29AC4AAB0095E9D3 /* Frameworks */,
				8D725B1029AC4AAB0095E9D3 /* Resources */,
				EBAAAA6759955036D73E3FE1 /* [CP] Embed Pods Frameworks */,
				0477E888720CE86F12AE3085 /* [CP] Copy Pods Resources */,
			);
			buildRules = (
			);
			dependencies = (
			);
			name = CoolRunning;
			productName = CoolRunning;
			productReference = 8D725B1229AC4AAB0095E9D3 /* CoolRunning.app */;
			productType = "com.apple.product-type.application";
		};
/* End PBXNativeTarget section */

/* Begin PBXProject section */
		8D725B0A29AC4AAB0095E9D3 /* Project object */ = {
			isa = PBXProject;
			attributes = {
				BuildIndependentTargetsInParallel = 1;
				LastSwiftUpdateCheck = 1420;
				LastUpgradeCheck = 1420;
				TargetAttributes = {
					8D725B1129AC4AAB0095E9D3 = {
						CreatedOnToolsVersion = 14.2;
					};
				};
			};
			buildConfigurationList = 8D725B0D29AC4AAB0095E9D3 /* Build configuration list for PBXProject "CoolRunning" */;
			compatibilityVersion = "Xcode 14.0";
			developmentRegion = en;
			hasScannedForEncodings = 0;
			knownRegions = (
				en,
				Base,
			);
			mainGroup = 8D725B0929AC4AAB0095E9D3;
			productRefGroup = 8D725B1329AC4AAB0095E9D3 /* Products */;
			projectDirPath = "";
			projectRoot = "";
			targets = (
				8D725B1129AC4AAB0095E9D3 /* CoolRunning */,
			);
		};
/* End PBXProject section */

/* Begin PBXResourcesBuildPhase section */
		8D725B1029AC4AAB0095E9D3 /* Resources */ = {
			isa = PBXResourcesBuildPhase;
			buildActionMask = 2147483647;
			files = (
				8D725B1D29AC4AAC0095E9D3 /* Preview Assets.xcassets in Resources */,
				8D864D5129BB5F01003D5DED /* agconnect-services.plist in Resources */,
				8D725B1A29AC4AAC0095E9D3 /* Assets.xcassets in Resources */,
			);
			runOnlyForDeploymentPostprocessing = 0;
		};
/* End PBXResourcesBuildPhase section */

/* Begin PBXShellScriptBuildPhase section */
		0477E888720CE86F12AE3085 /* [CP] Copy Pods Resources */ = {
			isa = PBXShellScriptBuildPhase;
			buildActionMask = 2147483647;
			files = (
			);
			inputFileListPaths = (
				"${PODS_ROOT}/Target Support Files/Pods-CoolRunning/Pods-CoolRunning-resources-${CONFIGURATION}-input-files.xcfilelist",
			);
			name = "[CP] Copy Pods Resources";
			outputFileListPaths = (
				"${PODS_ROOT}/Target Support Files/Pods-CoolRunning/Pods-CoolRunning-resources-${CONFIGURATION}-output-files.xcfilelist",
			);
			runOnlyForDeploymentPostprocessing = 0;
			shellPath = /bin/sh;
			shellScript = "\"${PODS_ROOT}/Target Support Files/Pods-CoolRunning/Pods-CoolRunning-resources.sh\"\n";
			showEnvVarsInLog = 0;
		};
		DB82CA6941A8A85B9F984163 /* [CP] Check Pods Manifest.lock */ = {
			isa = PBXShellScriptBuildPhase;
			buildActionMask = 2147483647;
			files = (
			);
			inputFileListPaths = (
			);
			inputPaths = (
				"${PODS_PODFILE_DIR_PATH}/Podfile.lock",
				"${PODS_ROOT}/Manifest.lock",
			);
			name = "[CP] Check Pods Manifest.lock";
			outputFileListPaths = (
			);
			outputPaths = (
				"$(DERIVED_FILE_DIR)/Pods-CoolRunning-checkManifestLockResult.txt",
			);
			runOnlyForDeploymentPostprocessing = 0;
			shellPath = /bin/sh;
			shellScript = "diff \"${PODS_PODFILE_DIR_PATH}/Podfile.lock\" \"${PODS_ROOT}/Manifest.lock\" > /dev/null\nif [ $? != 0 ] ; then\n    # print error to STDERR\n    echo \"error: The sandbox is not in sync with the Podfile.lock. Run 'pod install' or update your CocoaPods installation.\" >&2\n    exit 1\nfi\n# This output is used by Xcode 'outputs' to avoid re-running this script phase.\necho \"SUCCESS\" > \"${SCRIPT_OUTPUT_FILE_0}\"\n";
			showEnvVarsInLog = 0;
		};
		EBAAAA6759955036D73E3FE1 /* [CP] Embed Pods Frameworks */ = {
			isa = PBXShellScriptBuildPhase;
			buildActionMask = 2147483647;
			files = (
			);
			inputFileListPaths = (
				"${PODS_ROOT}/Target Support Files/Pods-CoolRunning/Pods-CoolRunning-frameworks-${CONFIGURATION}-input-files.xcfilelist",
			);
			name = "[CP] Embed Pods Frameworks";
			outputFileListPaths = (
				"${PODS_ROOT}/Target Support Files/Pods-CoolRunning/Pods-CoolRunning-frameworks-${CONFIGURATION}-output-files.xcfilelist",
			);
			runOnlyForDeploymentPostprocessing = 0;
			shellPath = /bin/sh;
			shellScript = "\"${PODS_ROOT}/Target Support Files/Pods-CoolRunning/Pods-CoolRunning-frameworks.sh\"\n";
			showEnvVarsInLog = 0;
		};
/* End PBXShellScriptBuildPhase section */

/* Begin PBXSourcesBuildPhase section */
		8D725B0E29AC4AAB0095E9D3 /* Sources */ = {
			isa = PBXSourcesBuildPhase;
			buildActionMask = 2147483647;
			files = (
				8D5891A729DDB28900535493 /* CountdownView.swift in Sources */,
				8D9B4A9C29BF61E500284F05 /* Struct+.swift in Sources */,
				BB2FD36429C7286200EEF35B /* FormatDisplay.swift in Sources */,
				8D41139929B4DBAD00D40A9A /* OpeningScreen.swift in Sources */,
				8D4113A829B6E1C500D40A9A /* PhoneNumberLogin.swift in Sources */,
				8D8DEEEA29BC7FB800BADA50 /* AccountBindingView.swift in Sources */,
				8D725B1629AC4AAB0095E9D3 /* AppEntry.swift in Sources */,
				8D9B4AA729C1BB0700284F05 /* ShapeStyle+.swift in Sources */,
				8D5891A129DDB26600535493 /* MapView.swift in Sources */,
				8D5891A529DDB28400535493 /* RunningView.swift in Sources */,
				8D77D48929CD2CA900E602A3 /* User.swift in Sources */,
				8D8DEEEE29BCAE4400BADA50 /* AboutView.swift in Sources */,
				8D5FF1A129AE27CD008F7CB8 /* HomeScreen.swift in Sources */,
				8D5891A929DDB2A100535493 /* PaceView.swift in Sources */,
				8D8DEEF429BDF91700BADA50 /* draft2.swift in Sources */,
				8D4113A229B60D9D00D40A9A /* AnyTransition+.swift in Sources */,
				8D3818B129B825070089CDB4 /* Binding+.swift in Sources */,
				8D725B2529AC4C1C0095E9D3 /* SFSymbol.swift in Sources */,
				8D5FF1A329AE2814008F7CB8 /* draft1.swift in Sources */,
				8D5891A329DDB27600535493 /* MKMapViewModel.swift in Sources */,
				8D3818B829BA12900089CDB4 /* AppDelegate.swift in Sources */,
				8D725B2B29AC54F90095E9D3 /* LoginScreen.swift in Sources */,
				8D8DEEE829BC78CF00BADA50 /* PersonalDetailView.swift in Sources */,
				8D77D48F29CD30EF00E602A3 /* UserModelView.swift in Sources */,
				8D3818AA29B799E80089CDB4 /* View+.swift in Sources */,
				8D3818AF29B817B00089CDB4 /* OTPVerificationView.swift in Sources */,
				8D41139F29B5896300D40A9A /* SystemSettingScreen.swift in Sources */,
				8D8DEEEC29BCA92800BADA50 /* GeneralSettingView.swift in Sources */,
				8D725B2D29AC551F0095E9D3 /* RegisterScreen.swift in Sources */,
				8D41139D29B5817900D40A9A /* ProfileScreen.swift in Sources */,
				8D8DEEF229BCC32A00BADA50 /* ACRView.swift in Sources */,
				8D77D41A29C56B7600E602A3 /* draft3.swift in Sources */,
				8D3818A629B788AB0089CDB4 /* UserAgreementScreen.swift in Sources */,
				8D9B4AA529C1B67600284F05 /* RunningScreen.swift in Sources */,
			);
			runOnlyForDeploymentPostprocessing = 0;
		};
/* End PBXSourcesBuildPhase section */

/* Begin XCBuildConfiguration section */
		8D725B1E29AC4AAC0095E9D3 /* Debug */ = {
			isa = XCBuildConfiguration;
			buildSettings = {
				ALWAYS_SEARCH_USER_PATHS = NO;
				CLANG_ANALYZER_NONNULL = YES;
				CLANG_ANALYZER_NUMBER_OBJECT_CONVERSION = YES_AGGRESSIVE;
				CLANG_CXX_LANGUAGE_STANDARD = "gnu++20";
				CLANG_ENABLE_MODULES = YES;
				CLANG_ENABLE_OBJC_ARC = YES;
				CLANG_ENABLE_OBJC_WEAK = YES;
				CLANG_WARN_BLOCK_CAPTURE_AUTORELEASING = YES;
				CLANG_WARN_BOOL_CONVERSION = YES;
				CLANG_WARN_COMMA = YES;
				CLANG_WARN_CONSTANT_CONVERSION = YES;
				CLANG_WARN_DEPRECATED_OBJC_IMPLEMENTATIONS = YES;
				CLANG_WARN_DIRECT_OBJC_ISA_USAGE = YES_ERROR;
				CLANG_WARN_DOCUMENTATION_COMMENTS = YES;
				CLANG_WARN_EMPTY_BODY = YES;
				CLANG_WARN_ENUM_CONVERSION = YES;
				CLANG_WARN_INFINITE_RECURSION = YES;
				CLANG_WARN_INT_CONVERSION = YES;
				CLANG_WARN_NON_LITERAL_NULL_CONVERSION = YES;
				CLANG_WARN_OBJC_IMPLICIT_RETAIN_SELF = YES;
				CLANG_WARN_OBJC_LITERAL_CONVERSION = YES;
				CLANG_WARN_OBJC_ROOT_CLASS = YES_ERROR;
				CLANG_WARN_QUOTED_INCLUDE_IN_FRAMEWORK_HEADER = YES;
				CLANG_WARN_RANGE_LOOP_ANALYSIS = YES;
				CLANG_WARN_STRICT_PROTOTYPES = YES;
				CLANG_WARN_SUSPICIOUS_MOVE = YES;
				CLANG_WARN_UNGUARDED_AVAILABILITY = YES_AGGRESSIVE;
				CLANG_WARN_UNREACHABLE_CODE = YES;
				CLANG_WARN__DUPLICATE_METHOD_MATCH = YES;
				COPY_PHASE_STRIP = NO;
				DEBUG_INFORMATION_FORMAT = dwarf;
				ENABLE_STRICT_OBJC_MSGSEND = YES;
				ENABLE_TESTABILITY = YES;
				GCC_C_LANGUAGE_STANDARD = gnu11;
				GCC_DYNAMIC_NO_PIC = NO;
				GCC_NO_COMMON_BLOCKS = YES;
				GCC_OPTIMIZATION_LEVEL = 0;
				GCC_PREPROCESSOR_DEFINITIONS = (
					"DEBUG=1",
					"$(inherited)",
				);
				GCC_WARN_64_TO_32_BIT_CONVERSION = YES;
				GCC_WARN_ABOUT_RETURN_TYPE = YES_ERROR;
				GCC_WARN_UNDECLARED_SELECTOR = YES;
				GCC_WARN_UNINITIALIZED_AUTOS = YES_AGGRESSIVE;
				GCC_WARN_UNUSED_FUNCTION = YES;
				GCC_WARN_UNUSED_VARIABLE = YES;
				IPHONEOS_DEPLOYMENT_TARGET = 16.2;
				MTL_ENABLE_DEBUG_INFO = INCLUDE_SOURCE;
				MTL_FAST_MATH = YES;
				ONLY_ACTIVE_ARCH = YES;
				SDKROOT = iphoneos;
				SWIFT_ACTIVE_COMPILATION_CONDITIONS = DEBUG;
				SWIFT_OPTIMIZATION_LEVEL = "-Onone";
			};
			name = Debug;
		};
		8D725B1F29AC4AAC0095E9D3 /* Release */ = {
			isa = XCBuildConfiguration;
			buildSettings = {
				ALWAYS_SEARCH_USER_PATHS = NO;
				CLANG_ANALYZER_NONNULL = YES;
				CLANG_ANALYZER_NUMBER_OBJECT_CONVERSION = YES_AGGRESSIVE;
				CLANG_CXX_LANGUAGE_STANDARD = "gnu++20";
				CLANG_ENABLE_MODULES = YES;
				CLANG_ENABLE_OBJC_ARC = YES;
				CLANG_ENABLE_OBJC_WEAK = YES;
				CLANG_WARN_BLOCK_CAPTURE_AUTORELEASING = YES;
				CLANG_WARN_BOOL_CONVERSION = YES;
				CLANG_WARN_COMMA = YES;
				CLANG_WARN_CONSTANT_CONVERSION = YES;
				CLANG_WARN_DEPRECATED_OBJC_IMPLEMENTATIONS = YES;
				CLANG_WARN_DIRECT_OBJC_ISA_USAGE = YES_ERROR;
				CLANG_WARN_DOCUMENTATION_COMMENTS = YES;
				CLANG_WARN_EMPTY_BODY = YES;
				CLANG_WARN_ENUM_CONVERSION = YES;
				CLANG_WARN_INFINITE_RECURSION = YES;
				CLANG_WARN_INT_CONVERSION = YES;
				CLANG_WARN_NON_LITERAL_NULL_CONVERSION = YES;
				CLANG_WARN_OBJC_IMPLICIT_RETAIN_SELF = YES;
				CLANG_WARN_OBJC_LITERAL_CONVERSION = YES;
				CLANG_WARN_OBJC_ROOT_CLASS = YES_ERROR;
				CLANG_WARN_QUOTED_INCLUDE_IN_FRAMEWORK_HEADER = YES;
				CLANG_WARN_RANGE_LOOP_ANALYSIS = YES;
				CLANG_WARN_STRICT_PROTOTYPES = YES;
				CLANG_WARN_SUSPICIOUS_MOVE = YES;
				CLANG_WARN_UNGUARDED_AVAILABILITY = YES_AGGRESSIVE;
				CLANG_WARN_UNREACHABLE_CODE = YES;
				CLANG_WARN__DUPLICATE_METHOD_MATCH = YES;
				COPY_PHASE_STRIP = NO;
				DEBUG_INFORMATION_FORMAT = "dwarf-with-dsym";
				ENABLE_NS_ASSERTIONS = NO;
				ENABLE_STRICT_OBJC_MSGSEND = YES;
				GCC_C_LANGUAGE_STANDARD = gnu11;
				GCC_NO_COMMON_BLOCKS = YES;
				GCC_WARN_64_TO_32_BIT_CONVERSION = YES;
				GCC_WARN_ABOUT_RETURN_TYPE = YES_ERROR;
				GCC_WARN_UNDECLARED_SELECTOR = YES;
				GCC_WARN_UNINITIALIZED_AUTOS = YES_AGGRESSIVE;
				GCC_WARN_UNUSED_FUNCTION = YES;
				GCC_WARN_UNUSED_VARIABLE = YES;
				IPHONEOS_DEPLOYMENT_TARGET = 16.2;
				MTL_ENABLE_DEBUG_INFO = NO;
				MTL_FAST_MATH = YES;
				SDKROOT = iphoneos;
				SWIFT_COMPILATION_MODE = wholemodule;
				SWIFT_OPTIMIZATION_LEVEL = "-O";
				VALIDATE_PRODUCT = YES;
			};
			name = Release;
		};
		8D725B2129AC4AAC0095E9D3 /* Debug */ = {
			isa = XCBuildConfiguration;
			baseConfigurationReference = 1137A8560DB3D5919957AC64 /* Pods-CoolRunning.debug.xcconfig */;
			buildSettings = {
				ASSETCATALOG_COMPILER_APPICON_NAME = AppIcon;
				ASSETCATALOG_COMPILER_GLOBAL_ACCENT_COLOR_NAME = AccentColor;
				CODE_SIGN_STYLE = Automatic;
				CURRENT_PROJECT_VERSION = 1;
				DEVELOPMENT_ASSET_PATHS = "\"CoolRunning/Preview Content\"";
				DEVELOPMENT_TEAM = K3ZFZ6NBNT;
				ENABLE_PREVIEWS = YES;
				EXCLUDED_ARCHS = "";
				GENERATE_INFOPLIST_FILE = YES;
				INFOPLIST_FILE = CoolRunning/Info.plist;
				INFOPLIST_KEY_NSLocationAlwaysAndWhenInUseUsageDescription = "需要该权限以保证应用退出至后台后仍可以进行跑步定位";
				INFOPLIST_KEY_NSLocationWhenInUseUsageDescription = "App需要获取您的位置信息以提供定位服务。";
				INFOPLIST_KEY_NSMotionUsageDescription = "This app requires access to motion data for step counting.";
				INFOPLIST_KEY_UIApplicationSceneManifest_Generation = YES;
				INFOPLIST_KEY_UIApplicationSupportsIndirectInputEvents = YES;
				INFOPLIST_KEY_UILaunchScreen_Generation = YES;
				INFOPLIST_KEY_UIRequiredDeviceCapabilities = "accelerometer gyroscope";
				INFOPLIST_KEY_UISupportedInterfaceOrientations_iPad = "UIInterfaceOrientationPortrait UIInterfaceOrientationPortraitUpsideDown UIInterfaceOrientationLandscapeLeft UIInterfaceOrientationLandscapeRight";
				INFOPLIST_KEY_UISupportedInterfaceOrientations_iPhone = "UIInterfaceOrientationPortrait UIInterfaceOrientationLandscapeLeft UIInterfaceOrientationLandscapeRight";
				LD_RUNPATH_SEARCH_PATHS = (
					"$(inherited)",
					"@executable_path/Frameworks",
				);
				MARKETING_VERSION = 1.0;
				PRODUCT_BUNDLE_IDENTIFIER = com.elee.CoolRunning;
				PRODUCT_NAME = "$(TARGET_NAME)";
				SWIFT_EMIT_LOC_STRINGS = YES;
				SWIFT_OBJC_BRIDGING_HEADER = "";
				SWIFT_VERSION = 5.0;
				TARGETED_DEVICE_FAMILY = "1,2";
			};
			name = Debug;
		};
		8D725B2229AC4AAC0095E9D3 /* Release */ = {
			isa = XCBuildConfiguration;
			baseConfigurationReference = 3B428C169244CE5D5F4ABDD4 /* Pods-CoolRunning.release.xcconfig */;
			buildSettings = {
				ASSETCATALOG_COMPILER_APPICON_NAME = AppIcon;
				ASSETCATALOG_COMPILER_GLOBAL_ACCENT_COLOR_NAME = AccentColor;
				CODE_SIGN_STYLE = Automatic;
				CURRENT_PROJECT_VERSION = 1;
				DEVELOPMENT_ASSET_PATHS = "\"CoolRunning/Preview Content\"";
				DEVELOPMENT_TEAM = K3ZFZ6NBNT;
				ENABLE_PREVIEWS = YES;
				EXCLUDED_ARCHS = "";
				GENERATE_INFOPLIST_FILE = YES;
				INFOPLIST_FILE = CoolRunning/Info.plist;
				INFOPLIST_KEY_NSLocationAlwaysAndWhenInUseUsageDescription = "需要该权限以保证应用退出至后台后仍可以进行跑步定位";
				INFOPLIST_KEY_NSLocationWhenInUseUsageDescription = "App需要获取您的位置信息以提供定位服务。";
				INFOPLIST_KEY_NSMotionUsageDescription = "This app requires access to motion data for step counting.";
				INFOPLIST_KEY_UIApplicationSceneManifest_Generation = YES;
				INFOPLIST_KEY_UIApplicationSupportsIndirectInputEvents = YES;
				INFOPLIST_KEY_UILaunchScreen_Generation = YES;
				INFOPLIST_KEY_UIRequiredDeviceCapabilities = "accelerometer gyroscope";
				INFOPLIST_KEY_UISupportedInterfaceOrientations_iPad = "UIInterfaceOrientationPortrait UIInterfaceOrientationPortraitUpsideDown UIInterfaceOrientationLandscapeLeft UIInterfaceOrientationLandscapeRight";
				INFOPLIST_KEY_UISupportedInterfaceOrientations_iPhone = "UIInterfaceOrientationPortrait UIInterfaceOrientationLandscapeLeft UIInterfaceOrientationLandscapeRight";
				LD_RUNPATH_SEARCH_PATHS = (
					"$(inherited)",
					"@executable_path/Frameworks",
				);
				MARKETING_VERSION = 1.0;
				PRODUCT_BUNDLE_IDENTIFIER = com.elee.CoolRunning;
				PRODUCT_NAME = "$(TARGET_NAME)";
				SWIFT_EMIT_LOC_STRINGS = YES;
				SWIFT_OBJC_BRIDGING_HEADER = "";
				SWIFT_VERSION = 5.0;
				TARGETED_DEVICE_FAMILY = "1,2";
			};
			name = Release;
		};
/* End XCBuildConfiguration section */

/* Begin XCConfigurationList section */
		8D725B0D29AC4AAB0095E9D3 /* Build configuration list for PBXProject "CoolRunning" */ = {
			isa = XCConfigurationList;
			buildConfigurations = (
				8D725B1E29AC4AAC0095E9D3 /* Debug */,
				8D725B1F29AC4AAC0095E9D3 /* Release */,
			);
			defaultConfigurationIsVisible = 0;
			defaultConfigurationName = Release;
		};
		8D725B2029AC4AAC0095E9D3 /* Build configuration list for PBXNativeTarget "CoolRunning" */ = {
			isa = XCConfigurationList;
			buildConfigurations = (
				8D725B2129AC4AAC0095E9D3 /* Debug */,
				8D725B2229AC4AAC0095E9D3 /* Release */,
			);
			defaultConfigurationIsVisible = 0;
			defaultConfigurationName = Release;
		};
/* End XCConfigurationList section */
	};
	rootObject = 8D725B0A29AC4AAB0095E9D3 /* Project object */;
}
