// !$*UTF8*$!
{
	archiveVersion = 1;
	classes = {
	};
	objectVersion = 56;
	objects = {

/* Begin PBXBuildFile section */
		4AE0A81ABF67E9746A8F4970 /* Pods_CoolRunning.framework in Frameworks */ = {isa = PBXBuildFile; fileRef = A79A0AECC7DA0DBB11D6FC5F /* Pods_CoolRunning.framework */; };
		8DEB16362A8C9ACA00A4DF1C /* Assets.xcassets in Resources */ = {isa = PBXBuildFile; fileRef = 8DEB16352A8C9ACA00A4DF1C /* Assets.xcassets */; };
		8DEB16392A8C9ACA00A4DF1C /* Preview Assets.xcassets in Resources */ = {isa = PBXBuildFile; fileRef = 8DEB16382A8C9ACA00A4DF1C /* Preview Assets.xcassets */; };
		8DEB167E2A8CA03900A4DF1C /* draft3.swift in Sources */ = {isa = PBXBuildFile; fileRef = 8DEB16402A8CA03900A4DF1C /* draft3.swift */; };
		8DEB16802A8CA03900A4DF1C /* MKMapVM.swift in Sources */ = {isa = PBXBuildFile; fileRef = 8DEB16442A8CA03900A4DF1C /* MKMapVM.swift */; };
		8DEB16812A8CA03900A4DF1C /* WeatherVM.swift in Sources */ = {isa = PBXBuildFile; fileRef = 8DEB16452A8CA03900A4DF1C /* WeatherVM.swift */; };
		8DEB16822A8CA03900A4DF1C /* MapView.swift in Sources */ = {isa = PBXBuildFile; fileRef = 8DEB16472A8CA03900A4DF1C /* MapView.swift */; };
		8DEB16832A8CA03900A4DF1C /* UserModel.swift in Sources */ = {isa = PBXBuildFile; fileRef = 8DEB16482A8CA03900A4DF1C /* UserModel.swift */; };
		8DEB16842A8CA03900A4DF1C /* WeatherManager.swift in Sources */ = {isa = PBXBuildFile; fileRef = 8DEB164A2A8CA03900A4DF1C /* WeatherManager.swift */; };
		8DEB16852A8CA03900A4DF1C /* Weather.swift in Sources */ = {isa = PBXBuildFile; fileRef = 8DEB164B2A8CA03900A4DF1C /* Weather.swift */; };
		8DEB16872A8CA03900A4DF1C /* AppRouter.swift in Sources */ = {isa = PBXBuildFile; fileRef = 8DEB164E2A8CA03900A4DF1C /* AppRouter.swift */; };
		8DEB16882A8CA03900A4DF1C /* Structs.swift in Sources */ = {isa = PBXBuildFile; fileRef = 8DEB164F2A8CA03900A4DF1C /* Structs.swift */; };
		8DEB16892A8CA03900A4DF1C /* SFSymbol.swift in Sources */ = {isa = PBXBuildFile; fileRef = 8DEB16502A8CA03900A4DF1C /* SFSymbol.swift */; };
		8DEB168A2A8CA03900A4DF1C /* Binding+.swift in Sources */ = {isa = PBXBuildFile; fileRef = 8DEB16522A8CA03900A4DF1C /* Binding+.swift */; };
		8DEB168B2A8CA03900A4DF1C /* AnyTransition+.swift in Sources */ = {isa = PBXBuildFile; fileRef = 8DEB16532A8CA03900A4DF1C /* AnyTransition+.swift */; };
		8DEB168C2A8CA03900A4DF1C /* View+.swift in Sources */ = {isa = PBXBuildFile; fileRef = 8DEB16542A8CA03900A4DF1C /* View+.swift */; };
		8DEB168D2A8CA03900A4DF1C /* AppDelegate.swift in Sources */ = {isa = PBXBuildFile; fileRef = 8DEB16562A8CA03900A4DF1C /* AppDelegate.swift */; };
		8DEB16902A8CA03900A4DF1C /* SystemSettingView.swift in Sources */ = {isa = PBXBuildFile; fileRef = 8DEB165B2A8CA03900A4DF1C /* SystemSettingView.swift */; };
		8DEB16912A8CA03900A4DF1C /* PersonalDetailView.swift in Sources */ = {isa = PBXBuildFile; fileRef = 8DEB165E2A8CA03900A4DF1C /* PersonalDetailView.swift */; };
		8DEB16922A8CA03900A4DF1C /* AboutView.swift in Sources */ = {isa = PBXBuildFile; fileRef = 8DEB16602A8CA03900A4DF1C /* AboutView.swift */; };
		8DEB16932A8CA03900A4DF1C /* ACRView.swift in Sources */ = {isa = PBXBuildFile; fileRef = 8DEB16622A8CA03900A4DF1C /* ACRView.swift */; };
		8DEB16942A8CA03900A4DF1C /* AccountBindingView.swift in Sources */ = {isa = PBXBuildFile; fileRef = 8DEB16642A8CA03900A4DF1C /* AccountBindingView.swift */; };
		8DEB16952A8CA03900A4DF1C /* GeneralSettingView.swift in Sources */ = {isa = PBXBuildFile; fileRef = 8DEB16662A8CA03900A4DF1C /* GeneralSettingView.swift */; };
		8DEB16962A8CA03900A4DF1C /* HomeView.swift in Sources */ = {isa = PBXBuildFile; fileRef = 8DEB16682A8CA03900A4DF1C /* HomeView.swift */; };
		8DEB16972A8CA03900A4DF1C /* RegisterView.swift in Sources */ = {isa = PBXBuildFile; fileRef = 8DEB166A2A8CA03900A4DF1C /* RegisterView.swift */; };
		8DEB16992A8CA03900A4DF1C /* PhoneNumberLoginView.swift in Sources */ = {isa = PBXBuildFile; fileRef = 8DEB166D2A8CA03900A4DF1C /* PhoneNumberLoginView.swift */; };
		8DEB169A2A8CA03900A4DF1C /* OTPVerificationView.swift in Sources */ = {isa = PBXBuildFile; fileRef = 8DEB166E2A8CA03900A4DF1C /* OTPVerificationView.swift */; };
		8DEB169B2A8CA03900A4DF1C /* LoginView.swift in Sources */ = {isa = PBXBuildFile; fileRef = 8DEB166F2A8CA03900A4DF1C /* LoginView.swift */; };
		8DEB169C2A8CA03900A4DF1C /* MainView.swift in Sources */ = {isa = PBXBuildFile; fileRef = 8DEB16712A8CA03900A4DF1C /* MainView.swift */; };
		8DEB169D2A8CA03900A4DF1C /* RunningView.swift in Sources */ = {isa = PBXBuildFile; fileRef = 8DEB16732A8CA03900A4DF1C /* RunningView.swift */; };
		8DEB169E2A8CA03900A4DF1C /* PaceView.swift in Sources */ = {isa = PBXBuildFile; fileRef = 8DEB16742A8CA03900A4DF1C /* PaceView.swift */; };
		8DEB169F2A8CA03900A4DF1C /* StopSliderView.swift in Sources */ = {isa = PBXBuildFile; fileRef = 8DEB16752A8CA03900A4DF1C /* StopSliderView.swift */; };
		8DEB16A02A8CA03900A4DF1C /* CountdownView.swift in Sources */ = {isa = PBXBuildFile; fileRef = 8DEB16762A8CA03900A4DF1C /* CountdownView.swift */; };
		8DEB16A12A8CA03900A4DF1C /* WeatherInfoCell.swift in Sources */ = {isa = PBXBuildFile; fileRef = 8DEB16772A8CA03900A4DF1C /* WeatherInfoCell.swift */; };
		8DEB16A22A8CA03900A4DF1C /* OpeningView.swift in Sources */ = {isa = PBXBuildFile; fileRef = 8DEB16782A8CA03900A4DF1C /* OpeningView.swift */; };
		8DEB16A32A8CA03900A4DF1C /* ProfileView.swift in Sources */ = {isa = PBXBuildFile; fileRef = 8DEB167A2A8CA03900A4DF1C /* ProfileView.swift */; };
		8DEB16A42A8CA03900A4DF1C /* UserAgreementView.swift in Sources */ = {isa = PBXBuildFile; fileRef = 8DEB167C2A8CA03900A4DF1C /* UserAgreementView.swift */; };
		8DEB16A52A8CA03900A4DF1C /* ContentView.swift in Sources */ = {isa = PBXBuildFile; fileRef = 8DEB167D2A8CA03900A4DF1C /* ContentView.swift */; };
		8DEB16A72A8CA06900A4DF1C /* AppEntry.swift in Sources */ = {isa = PBXBuildFile; fileRef = 8DEB16A62A8CA06900A4DF1C /* AppEntry.swift */; };
		8DEB16B12A8CA8DB00A4DF1C /* K.swift in Sources */ = {isa = PBXBuildFile; fileRef = 8DEB16B02A8CA8DB00A4DF1C /* K.swift */; };
		8DEB16B42A8CCDDF00A4DF1C /* RunningAimCell.swift in Sources */ = {isa = PBXBuildFile; fileRef = 8DEB16B32A8CCDDF00A4DF1C /* RunningAimCell.swift */; };
		8DEB16D62A8D412000A4DF1C /* UserVM.swift in Sources */ = {isa = PBXBuildFile; fileRef = 8DEB16D52A8D412000A4DF1C /* UserVM.swift */; };
/* End PBXBuildFile section */

/* Begin PBXFileReference section */
		0DC74067B6CFD3BDA7F7FD80 /* Pods-CoolRunning.release.xcconfig */ = {isa = PBXFileReference; includeInIndex = 1; lastKnownFileType = text.xcconfig; name = "Pods-CoolRunning.release.xcconfig"; path = "Target Support Files/Pods-CoolRunning/Pods-CoolRunning.release.xcconfig"; sourceTree = "<group>"; };
		8DEB162E2A8C9ACA00A4DF1C /* CoolRunning.app */ = {isa = PBXFileReference; explicitFileType = wrapper.application; includeInIndex = 0; path = CoolRunning.app; sourceTree = BUILT_PRODUCTS_DIR; };
		8DEB16352A8C9ACA00A4DF1C /* Assets.xcassets */ = {isa = PBXFileReference; lastKnownFileType = folder.assetcatalog; path = Assets.xcassets; sourceTree = "<group>"; };
		8DEB16382A8C9ACA00A4DF1C /* Preview Assets.xcassets */ = {isa = PBXFileReference; lastKnownFileType = folder.assetcatalog; path = "Preview Assets.xcassets"; sourceTree = "<group>"; };
		8DEB163F2A8C9C5E00A4DF1C /* Info.plist */ = {isa = PBXFileReference; lastKnownFileType = text.plist; path = Info.plist; sourceTree = "<group>"; };
		8DEB16402A8CA03900A4DF1C /* draft3.swift */ = {isa = PBXFileReference; fileEncoding = 4; lastKnownFileType = sourcecode.swift; path = draft3.swift; sourceTree = "<group>"; };
		8DEB16442A8CA03900A4DF1C /* MKMapVM.swift */ = {isa = PBXFileReference; fileEncoding = 4; lastKnownFileType = sourcecode.swift; path = MKMapVM.swift; sourceTree = "<group>"; };
		8DEB16452A8CA03900A4DF1C /* WeatherVM.swift */ = {isa = PBXFileReference; fileEncoding = 4; lastKnownFileType = sourcecode.swift; path = WeatherVM.swift; sourceTree = "<group>"; };
		8DEB16472A8CA03900A4DF1C /* MapView.swift */ = {isa = PBXFileReference; fileEncoding = 4; lastKnownFileType = sourcecode.swift; path = MapView.swift; sourceTree = "<group>"; };
		8DEB16482A8CA03900A4DF1C /* UserModel.swift */ = {isa = PBXFileReference; fileEncoding = 4; lastKnownFileType = sourcecode.swift; path = UserModel.swift; sourceTree = "<group>"; };
		8DEB164A2A8CA03900A4DF1C /* WeatherManager.swift */ = {isa = PBXFileReference; fileEncoding = 4; lastKnownFileType = sourcecode.swift; path = WeatherManager.swift; sourceTree = "<group>"; };
		8DEB164B2A8CA03900A4DF1C /* Weather.swift */ = {isa = PBXFileReference; fileEncoding = 4; lastKnownFileType = sourcecode.swift; path = Weather.swift; sourceTree = "<group>"; };
		8DEB164E2A8CA03900A4DF1C /* AppRouter.swift */ = {isa = PBXFileReference; fileEncoding = 4; lastKnownFileType = sourcecode.swift; path = AppRouter.swift; sourceTree = "<group>"; };
		8DEB164F2A8CA03900A4DF1C /* Structs.swift */ = {isa = PBXFileReference; fileEncoding = 4; lastKnownFileType = sourcecode.swift; path = Structs.swift; sourceTree = "<group>"; };
		8DEB16502A8CA03900A4DF1C /* SFSymbol.swift */ = {isa = PBXFileReference; fileEncoding = 4; lastKnownFileType = sourcecode.swift; path = SFSymbol.swift; sourceTree = "<group>"; };
		8DEB16522A8CA03900A4DF1C /* Binding+.swift */ = {isa = PBXFileReference; fileEncoding = 4; lastKnownFileType = sourcecode.swift; path = "Binding+.swift"; sourceTree = "<group>"; };
		8DEB16532A8CA03900A4DF1C /* AnyTransition+.swift */ = {isa = PBXFileReference; fileEncoding = 4; lastKnownFileType = sourcecode.swift; path = "AnyTransition+.swift"; sourceTree = "<group>"; };
		8DEB16542A8CA03900A4DF1C /* View+.swift */ = {isa = PBXFileReference; fileEncoding = 4; lastKnownFileType = sourcecode.swift; path = "View+.swift"; sourceTree = "<group>"; };
		8DEB16562A8CA03900A4DF1C /* AppDelegate.swift */ = {isa = PBXFileReference; fileEncoding = 4; lastKnownFileType = sourcecode.swift; path = AppDelegate.swift; sourceTree = "<group>"; };
		8DEB165B2A8CA03900A4DF1C /* SystemSettingView.swift */ = {isa = PBXFileReference; fileEncoding = 4; lastKnownFileType = sourcecode.swift; path = SystemSettingView.swift; sourceTree = "<group>"; };
		8DEB165E2A8CA03900A4DF1C /* PersonalDetailView.swift */ = {isa = PBXFileReference; fileEncoding = 4; lastKnownFileType = sourcecode.swift; path = PersonalDetailView.swift; sourceTree = "<group>"; };
		8DEB16602A8CA03900A4DF1C /* AboutView.swift */ = {isa = PBXFileReference; fileEncoding = 4; lastKnownFileType = sourcecode.swift; path = AboutView.swift; sourceTree = "<group>"; };
		8DEB16622A8CA03900A4DF1C /* ACRView.swift */ = {isa = PBXFileReference; fileEncoding = 4; lastKnownFileType = sourcecode.swift; path = ACRView.swift; sourceTree = "<group>"; };
		8DEB16642A8CA03900A4DF1C /* AccountBindingView.swift */ = {isa = PBXFileReference; fileEncoding = 4; lastKnownFileType = sourcecode.swift; path = AccountBindingView.swift; sourceTree = "<group>"; };
		8DEB16662A8CA03900A4DF1C /* GeneralSettingView.swift */ = {isa = PBXFileReference; fileEncoding = 4; lastKnownFileType = sourcecode.swift; path = GeneralSettingView.swift; sourceTree = "<group>"; };
		8DEB16682A8CA03900A4DF1C /* HomeView.swift */ = {isa = PBXFileReference; fileEncoding = 4; lastKnownFileType = sourcecode.swift; path = HomeView.swift; sourceTree = "<group>"; };
		8DEB166A2A8CA03900A4DF1C /* RegisterView.swift */ = {isa = PBXFileReference; fileEncoding = 4; lastKnownFileType = sourcecode.swift; path = RegisterView.swift; sourceTree = "<group>"; };
		8DEB166D2A8CA03900A4DF1C /* PhoneNumberLoginView.swift */ = {isa = PBXFileReference; fileEncoding = 4; lastKnownFileType = sourcecode.swift; path = PhoneNumberLoginView.swift; sourceTree = "<group>"; };
		8DEB166E2A8CA03900A4DF1C /* OTPVerificationView.swift */ = {isa = PBXFileReference; fileEncoding = 4; lastKnownFileType = sourcecode.swift; path = OTPVerificationView.swift; sourceTree = "<group>"; };
		8DEB166F2A8CA03900A4DF1C /* LoginView.swift */ = {isa = PBXFileReference; fileEncoding = 4; lastKnownFileType = sourcecode.swift; path = LoginView.swift; sourceTree = "<group>"; };
		8DEB16712A8CA03900A4DF1C /* MainView.swift */ = {isa = PBXFileReference; fileEncoding = 4; lastKnownFileType = sourcecode.swift; path = MainView.swift; sourceTree = "<group>"; };
		8DEB16732A8CA03900A4DF1C /* RunningView.swift */ = {isa = PBXFileReference; fileEncoding = 4; lastKnownFileType = sourcecode.swift; path = RunningView.swift; sourceTree = "<group>"; };
		8DEB16742A8CA03900A4DF1C /* PaceView.swift */ = {isa = PBXFileReference; fileEncoding = 4; lastKnownFileType = sourcecode.swift; path = PaceView.swift; sourceTree = "<group>"; };
		8DEB16752A8CA03900A4DF1C /* StopSliderView.swift */ = {isa = PBXFileReference; fileEncoding = 4; lastKnownFileType = sourcecode.swift; path = StopSliderView.swift; sourceTree = "<group>"; };
		8DEB16762A8CA03900A4DF1C /* CountdownView.swift */ = {isa = PBXFileReference; fileEncoding = 4; lastKnownFileType = sourcecode.swift; path = CountdownView.swift; sourceTree = "<group>"; };
		8DEB16772A8CA03900A4DF1C /* WeatherInfoCell.swift */ = {isa = PBXFileReference; fileEncoding = 4; lastKnownFileType = sourcecode.swift; path = WeatherInfoCell.swift; sourceTree = "<group>"; };
		8DEB16782A8CA03900A4DF1C /* OpeningView.swift */ = {isa = PBXFileReference; fileEncoding = 4; lastKnownFileType = sourcecode.swift; path = OpeningView.swift; sourceTree = "<group>"; };
		8DEB167A2A8CA03900A4DF1C /* ProfileView.swift */ = {isa = PBXFileReference; fileEncoding = 4; lastKnownFileType = sourcecode.swift; path = ProfileView.swift; sourceTree = "<group>"; };
		8DEB167C2A8CA03900A4DF1C /* UserAgreementView.swift */ = {isa = PBXFileReference; fileEncoding = 4; lastKnownFileType = sourcecode.swift; path = UserAgreementView.swift; sourceTree = "<group>"; };
		8DEB167D2A8CA03900A4DF1C /* ContentView.swift */ = {isa = PBXFileReference; fileEncoding = 4; lastKnownFileType = sourcecode.swift; path = ContentView.swift; sourceTree = "<group>"; };
		8DEB16A62A8CA06900A4DF1C /* AppEntry.swift */ = {isa = PBXFileReference; fileEncoding = 4; lastKnownFileType = sourcecode.swift; path = AppEntry.swift; sourceTree = "<group>"; };
		8DEB16B02A8CA8DB00A4DF1C /* K.swift */ = {isa = PBXFileReference; lastKnownFileType = sourcecode.swift; path = K.swift; sourceTree = "<group>"; };
		8DEB16B32A8CCDDF00A4DF1C /* RunningAimCell.swift */ = {isa = PBXFileReference; lastKnownFileType = sourcecode.swift; path = RunningAimCell.swift; sourceTree = "<group>"; };
		8DEB16D52A8D412000A4DF1C /* UserVM.swift */ = {isa = PBXFileReference; lastKnownFileType = sourcecode.swift; path = UserVM.swift; sourceTree = "<group>"; };
		A589D024555D2147CDF87C3E /* Pods-CoolRunning.debug.xcconfig */ = {isa = PBXFileReference; includeInIndex = 1; lastKnownFileType = text.xcconfig; name = "Pods-CoolRunning.debug.xcconfig"; path = "Target Support Files/Pods-CoolRunning/Pods-CoolRunning.debug.xcconfig"; sourceTree = "<group>"; };
		A79A0AECC7DA0DBB11D6FC5F /* Pods_CoolRunning.framework */ = {isa = PBXFileReference; explicitFileType = wrapper.framework; includeInIndex = 0; path = Pods_CoolRunning.framework; sourceTree = BUILT_PRODUCTS_DIR; };
/* End PBXFileReference section */

/* Begin PBXFrameworksBuildPhase section */
		8DEB162B2A8C9ACA00A4DF1C /* Frameworks */ = {
			isa = PBXFrameworksBuildPhase;
			buildActionMask = 2147483647;
			files = (
				4AE0A81ABF67E9746A8F4970 /* Pods_CoolRunning.framework in Frameworks */,
			);
			runOnlyForDeploymentPostprocessing = 0;
		};
/* End PBXFrameworksBuildPhase section */

/* Begin PBXGroup section */
		8575AD814F55672DA9942CEB /* Frameworks */ = {
			isa = PBXGroup;
			children = (
				A79A0AECC7DA0DBB11D6FC5F /* Pods_CoolRunning.framework */,
			);
			name = Frameworks;
			sourceTree = "<group>";
		};
		8DEB16252A8C9ACA00A4DF1C = {
			isa = PBXGroup;
			children = (
				8DEB16302A8C9ACA00A4DF1C /* CoolRunning */,
				8DEB162F2A8C9ACA00A4DF1C /* Products */,
				A22E36C9AAE31C10E94C9BCD /* Pods */,
				8575AD814F55672DA9942CEB /* Frameworks */,
			);
			sourceTree = "<group>";
		};
		8DEB162F2A8C9ACA00A4DF1C /* Products */ = {
			isa = PBXGroup;
			children = (
				8DEB162E2A8C9ACA00A4DF1C /* CoolRunning.app */,
			);
			name = Products;
			sourceTree = "<group>";
		};
		8DEB16302A8C9ACA00A4DF1C /* CoolRunning */ = {
			isa = PBXGroup;
			children = (
				8DEB163F2A8C9C5E00A4DF1C /* Info.plist */,
				8DEB16562A8CA03900A4DF1C /* AppDelegate.swift */,
				8DEB16A62A8CA06900A4DF1C /* AppEntry.swift */,
				8DEB164D2A8CA03900A4DF1C /* Constant */,
				8DEB16512A8CA03900A4DF1C /* Extensions */,
				8DEB16462A8CA03900A4DF1C /* Model */,
				8DEB16432A8CA03900A4DF1C /* ViewModel */,
				8DEB16592A8CA03900A4DF1C /* View */,
				8DEB16352A8C9ACA00A4DF1C /* Assets.xcassets */,
				8DEB16372A8C9ACA00A4DF1C /* Preview Content */,
				8DEB16402A8CA03900A4DF1C /* draft3.swift */,
			);
			path = CoolRunning;
			sourceTree = "<group>";
		};
		8DEB16372A8C9ACA00A4DF1C /* Preview Content */ = {
			isa = PBXGroup;
			children = (
				8DEB16382A8C9ACA00A4DF1C /* Preview Assets.xcassets */,
			);
			path = "Preview Content";
			sourceTree = "<group>";
		};
		8DEB16432A8CA03900A4DF1C /* ViewModel */ = {
			isa = PBXGroup;
			children = (
				8DEB16442A8CA03900A4DF1C /* MKMapVM.swift */,
				8DEB16452A8CA03900A4DF1C /* WeatherVM.swift */,
				8DEB16D52A8D412000A4DF1C /* UserVM.swift */,
			);
			path = ViewModel;
			sourceTree = "<group>";
		};
		8DEB16462A8CA03900A4DF1C /* Model */ = {
			isa = PBXGroup;
			children = (
				8DEB16472A8CA03900A4DF1C /* MapView.swift */,
				8DEB16482A8CA03900A4DF1C /* UserModel.swift */,
				8DEB16492A8CA03900A4DF1C /* WeatherModel */,
			);
			path = Model;
			sourceTree = "<group>";
		};
		8DEB16492A8CA03900A4DF1C /* WeatherModel */ = {
			isa = PBXGroup;
			children = (
				8DEB164A2A8CA03900A4DF1C /* WeatherManager.swift */,
				8DEB164B2A8CA03900A4DF1C /* Weather.swift */,
			);
			path = WeatherModel;
			sourceTree = "<group>";
		};
		8DEB164D2A8CA03900A4DF1C /* Constant */ = {
			isa = PBXGroup;
			children = (
				8DEB164E2A8CA03900A4DF1C /* AppRouter.swift */,
				8DEB164F2A8CA03900A4DF1C /* Structs.swift */,
				8DEB16502A8CA03900A4DF1C /* SFSymbol.swift */,
				8DEB16B02A8CA8DB00A4DF1C /* K.swift */,
			);
			path = Constant;
			sourceTree = "<group>";
		};
		8DEB16512A8CA03900A4DF1C /* Extensions */ = {
			isa = PBXGroup;
			children = (
				8DEB16522A8CA03900A4DF1C /* Binding+.swift */,
				8DEB16532A8CA03900A4DF1C /* AnyTransition+.swift */,
				8DEB16542A8CA03900A4DF1C /* View+.swift */,
			);
			path = Extensions;
			sourceTree = "<group>";
		};
		8DEB16592A8CA03900A4DF1C /* View */ = {
			isa = PBXGroup;
			children = (
				8DEB16782A8CA03900A4DF1C /* OpeningView.swift */,
				8DEB167D2A8CA03900A4DF1C /* ContentView.swift */,
				8DEB16672A8CA03900A4DF1C /* Home */,
				8DEB16702A8CA03900A4DF1C /* MainView */,
				8DEB16792A8CA03900A4DF1C /* Profile */,
				8DEB165A2A8CA03900A4DF1C /* Settings */,
				8DEB16692A8CA03900A4DF1C /* LogView */,
				8DEB167B2A8CA03900A4DF1C /* UserAgreement */,
			);
			path = View;
			sourceTree = "<group>";
		};
		8DEB165A2A8CA03900A4DF1C /* Settings */ = {
			isa = PBXGroup;
			children = (
				8DEB165B2A8CA03900A4DF1C /* SystemSettingView.swift */,
				8DEB165D2A8CA03900A4DF1C /* PersonalDetail */,
				8DEB16652A8CA03900A4DF1C /* GeneralSetting */,
				8DEB16632A8CA03900A4DF1C /* AccountBinding */,
				8DEB165F2A8CA03900A4DF1C /* AboutView */,
			);
			path = Settings;
			sourceTree = "<group>";
		};
		8DEB165D2A8CA03900A4DF1C /* PersonalDetail */ = {
			isa = PBXGroup;
			children = (
				8DEB165E2A8CA03900A4DF1C /* PersonalDetailView.swift */,
			);
			path = PersonalDetail;
			sourceTree = "<group>";
		};
		8DEB165F2A8CA03900A4DF1C /* AboutView */ = {
			isa = PBXGroup;
			children = (
				8DEB16602A8CA03900A4DF1C /* AboutView.swift */,
				8DEB16612A8CA03900A4DF1C /* AboutCoolRunning */,
			);
			path = AboutView;
			sourceTree = "<group>";
		};
		8DEB16612A8CA03900A4DF1C /* AboutCoolRunning */ = {
			isa = PBXGroup;
			children = (
				8DEB16622A8CA03900A4DF1C /* ACRView.swift */,
			);
			path = AboutCoolRunning;
			sourceTree = "<group>";
		};
		8DEB16632A8CA03900A4DF1C /* AccountBinding */ = {
			isa = PBXGroup;
			children = (
				8DEB16642A8CA03900A4DF1C /* AccountBindingView.swift */,
			);
			path = AccountBinding;
			sourceTree = "<group>";
		};
		8DEB16652A8CA03900A4DF1C /* GeneralSetting */ = {
			isa = PBXGroup;
			children = (
				8DEB16662A8CA03900A4DF1C /* GeneralSettingView.swift */,
			);
			path = GeneralSetting;
			sourceTree = "<group>";
		};
		8DEB16672A8CA03900A4DF1C /* Home */ = {
			isa = PBXGroup;
			children = (
				8DEB16682A8CA03900A4DF1C /* HomeView.swift */,
			);
			path = Home;
			sourceTree = "<group>";
		};
		8DEB16692A8CA03900A4DF1C /* LogView */ = {
			isa = PBXGroup;
			children = (
				8DEB166F2A8CA03900A4DF1C /* LoginView.swift */,
				8DEB166A2A8CA03900A4DF1C /* RegisterView.swift */,
				8DEB166C2A8CA03900A4DF1C /* OTPVerificationView */,
			);
			path = LogView;
			sourceTree = "<group>";
		};
		8DEB166C2A8CA03900A4DF1C /* OTPVerificationView */ = {
			isa = PBXGroup;
			children = (
				8DEB166D2A8CA03900A4DF1C /* PhoneNumberLoginView.swift */,
				8DEB166E2A8CA03900A4DF1C /* OTPVerificationView.swift */,
			);
			path = OTPVerificationView;
			sourceTree = "<group>";
		};
		8DEB16702A8CA03900A4DF1C /* MainView */ = {
			isa = PBXGroup;
			children = (
				8DEB16B22A8CC97200A4DF1C /* RunningView */,
				8DEB16712A8CA03900A4DF1C /* MainView.swift */,
				8DEB16772A8CA03900A4DF1C /* WeatherInfoCell.swift */,
				8DEB16B32A8CCDDF00A4DF1C /* RunningAimCell.swift */,
			);
			path = MainView;
			sourceTree = "<group>";
		};
		8DEB16792A8CA03900A4DF1C /* Profile */ = {
			isa = PBXGroup;
			children = (
				8DEB167A2A8CA03900A4DF1C /* ProfileView.swift */,
			);
			path = Profile;
			sourceTree = "<group>";
		};
		8DEB167B2A8CA03900A4DF1C /* UserAgreement */ = {
			isa = PBXGroup;
			children = (
				8DEB167C2A8CA03900A4DF1C /* UserAgreementView.swift */,
			);
			path = UserAgreement;
			sourceTree = "<group>";
		};
		8DEB16B22A8CC97200A4DF1C /* RunningView */ = {
			isa = PBXGroup;
			children = (
				8DEB16732A8CA03900A4DF1C /* RunningView.swift */,
				8DEB16762A8CA03900A4DF1C /* CountdownView.swift */,
				8DEB16752A8CA03900A4DF1C /* StopSliderView.swift */,
				8DEB16742A8CA03900A4DF1C /* PaceView.swift */,
			);
			path = RunningView;
			sourceTree = "<group>";
		};
		A22E36C9AAE31C10E94C9BCD /* Pods */ = {
			isa = PBXGroup;
			children = (
				A589D024555D2147CDF87C3E /* Pods-CoolRunning.debug.xcconfig */,
				0DC74067B6CFD3BDA7F7FD80 /* Pods-CoolRunning.release.xcconfig */,
			);
			path = Pods;
			sourceTree = "<group>";
		};
/* End PBXGroup section */

/* Begin PBXNativeTarget section */
		8DEB162D2A8C9ACA00A4DF1C /* CoolRunning */ = {
			isa = PBXNativeTarget;
			buildConfigurationList = 8DEB163C2A8C9ACA00A4DF1C /* Build configuration list for PBXNativeTarget "CoolRunning" */;
			buildPhases = (
				9BDF6F8087E8395BC45A52DB /* [CP] Check Pods Manifest.lock */,
				8DEB162A2A8C9ACA00A4DF1C /* Sources */,
				8DEB162B2A8C9ACA00A4DF1C /* Frameworks */,
				8DEB162C2A8C9ACA00A4DF1C /* Resources */,
				DD6EFBA6E404F8676888394B /* [CP] Embed Pods Frameworks */,
			);
			buildRules = (
			);
			dependencies = (
			);
			name = CoolRunning;
			productName = CoolRunning;
			productReference = 8DEB162E2A8C9ACA00A4DF1C /* CoolRunning.app */;
			productType = "com.apple.product-type.application";
		};
/* End PBXNativeTarget section */

/* Begin PBXProject section */
		8DEB16262A8C9ACA00A4DF1C /* Project object */ = {
			isa = PBXProject;
			attributes = {
				BuildIndependentTargetsInParallel = 1;
				LastSwiftUpdateCheck = 1430;
				LastUpgradeCheck = 1430;
				TargetAttributes = {
					8DEB162D2A8C9ACA00A4DF1C = {
						CreatedOnToolsVersion = 14.3.1;
					};
				};
			};
			buildConfigurationList = 8DEB16292A8C9ACA00A4DF1C /* Build configuration list for PBXProject "CoolRunning" */;
			compatibilityVersion = "Xcode 14.0";
			developmentRegion = en;
			hasScannedForEncodings = 0;
			knownRegions = (
				en,
				Base,
			);
			mainGroup = 8DEB16252A8C9ACA00A4DF1C;
			productRefGroup = 8DEB162F2A8C9ACA00A4DF1C /* Products */;
			projectDirPath = "";
			projectRoot = "";
			targets = (
				8DEB162D2A8C9ACA00A4DF1C /* CoolRunning */,
			);
		};
/* End PBXProject section */

/* Begin PBXResourcesBuildPhase section */
		8DEB162C2A8C9ACA00A4DF1C /* Resources */ = {
			isa = PBXResourcesBuildPhase;
			buildActionMask = 2147483647;
			files = (
				8DEB16392A8C9ACA00A4DF1C /* Preview Assets.xcassets in Resources */,
				8DEB16362A8C9ACA00A4DF1C /* Assets.xcassets in Resources */,
			);
			runOnlyForDeploymentPostprocessing = 0;
		};
/* End PBXResourcesBuildPhase section */

/* Begin PBXShellScriptBuildPhase section */
		9BDF6F8087E8395BC45A52DB /* [CP] Check Pods Manifest.lock */ = {
			isa = PBXShellScriptBuildPhase;
			buildActionMask = 2147483647;
			files = (
			);
			inputFileListPaths = (
			);
			inputPaths = (
				"${PODS_PODFILE_DIR_PATH}/Podfile.lock",
				"${PODS_ROOT}/Manifest.lock",
			);
			name = "[CP] Check Pods Manifest.lock";
			outputFileListPaths = (
			);
			outputPaths = (
				"$(DERIVED_FILE_DIR)/Pods-CoolRunning-checkManifestLockResult.txt",
			);
			runOnlyForDeploymentPostprocessing = 0;
			shellPath = /bin/sh;
			shellScript = "diff \"${PODS_PODFILE_DIR_PATH}/Podfile.lock\" \"${PODS_ROOT}/Manifest.lock\" > /dev/null\nif [ $? != 0 ] ; then\n    # print error to STDERR\n    echo \"error: The sandbox is not in sync with the Podfile.lock. Run 'pod install' or update your CocoaPods installation.\" >&2\n    exit 1\nfi\n# This output is used by Xcode 'outputs' to avoid re-running this script phase.\necho \"SUCCESS\" > \"${SCRIPT_OUTPUT_FILE_0}\"\n";
			showEnvVarsInLog = 0;
		};
		DD6EFBA6E404F8676888394B /* [CP] Embed Pods Frameworks */ = {
			isa = PBXShellScriptBuildPhase;
			buildActionMask = 2147483647;
			files = (
			);
			inputFileListPaths = (
				"${PODS_ROOT}/Target Support Files/Pods-CoolRunning/Pods-CoolRunning-frameworks-${CONFIGURATION}-input-files.xcfilelist",
			);
			name = "[CP] Embed Pods Frameworks";
			outputFileListPaths = (
				"${PODS_ROOT}/Target Support Files/Pods-CoolRunning/Pods-CoolRunning-frameworks-${CONFIGURATION}-output-files.xcfilelist",
			);
			runOnlyForDeploymentPostprocessing = 0;
			shellPath = /bin/sh;
			shellScript = "\"${PODS_ROOT}/Target Support Files/Pods-CoolRunning/Pods-CoolRunning-frameworks.sh\"\n";
			showEnvVarsInLog = 0;
		};
/* End PBXShellScriptBuildPhase section */

/* Begin PBXSourcesBuildPhase section */
		8DEB162A2A8C9ACA00A4DF1C /* Sources */ = {
			isa = PBXSourcesBuildPhase;
			buildActionMask = 2147483647;
			files = (
				8DEB16952A8CA03900A4DF1C /* GeneralSettingView.swift in Sources */,
				8DEB16932A8CA03900A4DF1C /* ACRView.swift in Sources */,
				8DEB16A32A8CA03900A4DF1C /* ProfileView.swift in Sources */,
				8DEB16922A8CA03900A4DF1C /* AboutView.swift in Sources */,
				8DEB16882A8CA03900A4DF1C /* Structs.swift in Sources */,
				8DEB16962A8CA03900A4DF1C /* HomeView.swift in Sources */,
				8DEB169C2A8CA03900A4DF1C /* MainView.swift in Sources */,
				8DEB167E2A8CA03900A4DF1C /* draft3.swift in Sources */,
				8DEB169F2A8CA03900A4DF1C /* StopSliderView.swift in Sources */,
				8DEB16A72A8CA06900A4DF1C /* AppEntry.swift in Sources */,
				8DEB16892A8CA03900A4DF1C /* SFSymbol.swift in Sources */,
				8DEB16832A8CA03900A4DF1C /* UserModel.swift in Sources */,
				8DEB169E2A8CA03900A4DF1C /* PaceView.swift in Sources */,
				8DEB16A22A8CA03900A4DF1C /* OpeningView.swift in Sources */,
				8DEB168A2A8CA03900A4DF1C /* Binding+.swift in Sources */,
				8DEB16972A8CA03900A4DF1C /* RegisterView.swift in Sources */,
				8DEB16B12A8CA8DB00A4DF1C /* K.swift in Sources */,
				8DEB16A42A8CA03900A4DF1C /* UserAgreementView.swift in Sources */,
				8DEB16842A8CA03900A4DF1C /* WeatherManager.swift in Sources */,
				8DEB16A02A8CA03900A4DF1C /* CountdownView.swift in Sources */,
				8DEB16822A8CA03900A4DF1C /* MapView.swift in Sources */,
				8DEB16992A8CA03900A4DF1C /* PhoneNumberLoginView.swift in Sources */,
				8DEB16D62A8D412000A4DF1C /* UserVM.swift in Sources */,
				8DEB16A12A8CA03900A4DF1C /* WeatherInfoCell.swift in Sources */,
				8DEB16B42A8CCDDF00A4DF1C /* RunningAimCell.swift in Sources */,
				8DEB16852A8CA03900A4DF1C /* Weather.swift in Sources */,
				8DEB16802A8CA03900A4DF1C /* MKMapVM.swift in Sources */,
				8DEB16A52A8CA03900A4DF1C /* ContentView.swift in Sources */,
				8DEB16942A8CA03900A4DF1C /* AccountBindingView.swift in Sources */,
				8DEB16872A8CA03900A4DF1C /* AppRouter.swift in Sources */,
				8DEB169A2A8CA03900A4DF1C /* OTPVerificationView.swift in Sources */,
				8DEB168C2A8CA03900A4DF1C /* View+.swift in Sources */,
				8DEB16912A8CA03900A4DF1C /* PersonalDetailView.swift in Sources */,
				8DEB168B2A8CA03900A4DF1C /* AnyTransition+.swift in Sources */,
				8DEB168D2A8CA03900A4DF1C /* AppDelegate.swift in Sources */,
				8DEB16812A8CA03900A4DF1C /* WeatherVM.swift in Sources */,
				8DEB16902A8CA03900A4DF1C /* SystemSettingView.swift in Sources */,
				8DEB169D2A8CA03900A4DF1C /* RunningView.swift in Sources */,
				8DEB169B2A8CA03900A4DF1C /* LoginView.swift in Sources */,
			);
			runOnlyForDeploymentPostprocessing = 0;
		};
/* End PBXSourcesBuildPhase section */

/* Begin XCBuildConfiguration section */
		8DEB163A2A8C9ACA00A4DF1C /* Debug */ = {
			isa = XCBuildConfiguration;
			buildSettings = {
				ALWAYS_SEARCH_USER_PATHS = NO;
				CLANG_ANALYZER_NONNULL = YES;
				CLANG_ANALYZER_NUMBER_OBJECT_CONVERSION = YES_AGGRESSIVE;
				CLANG_CXX_LANGUAGE_STANDARD = "gnu++20";
				CLANG_ENABLE_MODULES = YES;
				CLANG_ENABLE_OBJC_ARC = YES;
				CLANG_ENABLE_OBJC_WEAK = YES;
				CLANG_WARN_BLOCK_CAPTURE_AUTORELEASING = YES;
				CLANG_WARN_BOOL_CONVERSION = YES;
				CLANG_WARN_COMMA = YES;
				CLANG_WARN_CONSTANT_CONVERSION = YES;
				CLANG_WARN_DEPRECATED_OBJC_IMPLEMENTATIONS = YES;
				CLANG_WARN_DIRECT_OBJC_ISA_USAGE = YES_ERROR;
				CLANG_WARN_DOCUMENTATION_COMMENTS = YES;
				CLANG_WARN_EMPTY_BODY = YES;
				CLANG_WARN_ENUM_CONVERSION = YES;
				CLANG_WARN_INFINITE_RECURSION = YES;
				CLANG_WARN_INT_CONVERSION = YES;
				CLANG_WARN_NON_LITERAL_NULL_CONVERSION = YES;
				CLANG_WARN_OBJC_IMPLICIT_RETAIN_SELF = YES;
				CLANG_WARN_OBJC_LITERAL_CONVERSION = YES;
				CLANG_WARN_OBJC_ROOT_CLASS = YES_ERROR;
				CLANG_WARN_QUOTED_INCLUDE_IN_FRAMEWORK_HEADER = YES;
				CLANG_WARN_RANGE_LOOP_ANALYSIS = YES;
				CLANG_WARN_STRICT_PROTOTYPES = YES;
				CLANG_WARN_SUSPICIOUS_MOVE = YES;
				CLANG_WARN_UNGUARDED_AVAILABILITY = YES_AGGRESSIVE;
				CLANG_WARN_UNREACHABLE_CODE = YES;
				CLANG_WARN__DUPLICATE_METHOD_MATCH = YES;
				COPY_PHASE_STRIP = NO;
				DEBUG_INFORMATION_FORMAT = dwarf;
				ENABLE_STRICT_OBJC_MSGSEND = YES;
				ENABLE_TESTABILITY = YES;
				GCC_C_LANGUAGE_STANDARD = gnu11;
				GCC_DYNAMIC_NO_PIC = NO;
				GCC_NO_COMMON_BLOCKS = YES;
				GCC_OPTIMIZATION_LEVEL = 0;
				GCC_PREPROCESSOR_DEFINITIONS = (
					"DEBUG=1",
					"$(inherited)",
				);
				GCC_WARN_64_TO_32_BIT_CONVERSION = YES;
				GCC_WARN_ABOUT_RETURN_TYPE = YES_ERROR;
				GCC_WARN_UNDECLARED_SELECTOR = YES;
				GCC_WARN_UNINITIALIZED_AUTOS = YES_AGGRESSIVE;
				GCC_WARN_UNUSED_FUNCTION = YES;
				GCC_WARN_UNUSED_VARIABLE = YES;
				IPHONEOS_DEPLOYMENT_TARGET = 16.4;
				MTL_ENABLE_DEBUG_INFO = INCLUDE_SOURCE;
				MTL_FAST_MATH = YES;
				ONLY_ACTIVE_ARCH = YES;
				SDKROOT = iphoneos;
				SWIFT_ACTIVE_COMPILATION_CONDITIONS = DEBUG;
				SWIFT_OPTIMIZATION_LEVEL = "-Onone";
			};
			name = Debug;
		};
		8DEB163B2A8C9ACA00A4DF1C /* Release */ = {
			isa = XCBuildConfiguration;
			buildSettings = {
				ALWAYS_SEARCH_USER_PATHS = NO;
				CLANG_ANALYZER_NONNULL = YES;
				CLANG_ANALYZER_NUMBER_OBJECT_CONVERSION = YES_AGGRESSIVE;
				CLANG_CXX_LANGUAGE_STANDARD = "gnu++20";
				CLANG_ENABLE_MODULES = YES;
				CLANG_ENABLE_OBJC_ARC = YES;
				CLANG_ENABLE_OBJC_WEAK = YES;
				CLANG_WARN_BLOCK_CAPTURE_AUTORELEASING = YES;
				CLANG_WARN_BOOL_CONVERSION = YES;
				CLANG_WARN_COMMA = YES;
				CLANG_WARN_CONSTANT_CONVERSION = YES;
				CLANG_WARN_DEPRECATED_OBJC_IMPLEMENTATIONS = YES;
				CLANG_WARN_DIRECT_OBJC_ISA_USAGE = YES_ERROR;
				CLANG_WARN_DOCUMENTATION_COMMENTS = YES;
				CLANG_WARN_EMPTY_BODY = YES;
				CLANG_WARN_ENUM_CONVERSION = YES;
				CLANG_WARN_INFINITE_RECURSION = YES;
				CLANG_WARN_INT_CONVERSION = YES;
				CLANG_WARN_NON_LITERAL_NULL_CONVERSION = YES;
				CLANG_WARN_OBJC_IMPLICIT_RETAIN_SELF = YES;
				CLANG_WARN_OBJC_LITERAL_CONVERSION = YES;
				CLANG_WARN_OBJC_ROOT_CLASS = YES_ERROR;
				CLANG_WARN_QUOTED_INCLUDE_IN_FRAMEWORK_HEADER = YES;
				CLANG_WARN_RANGE_LOOP_ANALYSIS = YES;
				CLANG_WARN_STRICT_PROTOTYPES = YES;
				CLANG_WARN_SUSPICIOUS_MOVE = YES;
				CLANG_WARN_UNGUARDED_AVAILABILITY = YES_AGGRESSIVE;
				CLANG_WARN_UNREACHABLE_CODE = YES;
				CLANG_WARN__DUPLICATE_METHOD_MATCH = YES;
				COPY_PHASE_STRIP = NO;
				DEBUG_INFORMATION_FORMAT = "dwarf-with-dsym";
				ENABLE_NS_ASSERTIONS = NO;
				ENABLE_STRICT_OBJC_MSGSEND = YES;
				GCC_C_LANGUAGE_STANDARD = gnu11;
				GCC_NO_COMMON_BLOCKS = YES;
				GCC_WARN_64_TO_32_BIT_CONVERSION = YES;
				GCC_WARN_ABOUT_RETURN_TYPE = YES_ERROR;
				GCC_WARN_UNDECLARED_SELECTOR = YES;
				GCC_WARN_UNINITIALIZED_AUTOS = YES_AGGRESSIVE;
				GCC_WARN_UNUSED_FUNCTION = YES;
				GCC_WARN_UNUSED_VARIABLE = YES;
				IPHONEOS_DEPLOYMENT_TARGET = 16.4;
				MTL_ENABLE_DEBUG_INFO = NO;
				MTL_FAST_MATH = YES;
				SDKROOT = iphoneos;
				SWIFT_COMPILATION_MODE = wholemodule;
				SWIFT_OPTIMIZATION_LEVEL = "-O";
				VALIDATE_PRODUCT = YES;
			};
			name = Release;
		};
		8DEB163D2A8C9ACA00A4DF1C /* Debug */ = {
			isa = XCBuildConfiguration;
			baseConfigurationReference = A589D024555D2147CDF87C3E /* Pods-CoolRunning.debug.xcconfig */;
			buildSettings = {
				ASSETCATALOG_COMPILER_APPICON_NAME = AppIcon;
				ASSETCATALOG_COMPILER_GLOBAL_ACCENT_COLOR_NAME = AccentColor;
				CODE_SIGN_STYLE = Automatic;
				CURRENT_PROJECT_VERSION = 1;
				DEVELOPMENT_ASSET_PATHS = "\"CoolRunning/Preview Content\"";
				DEVELOPMENT_TEAM = DADW9Q983Q;
				ENABLE_PREVIEWS = YES;
				GENERATE_INFOPLIST_FILE = YES;
				INFOPLIST_FILE = CoolRunning/Info.plist;
				INFOPLIST_KEY_NSLocationAlwaysAndWhenInUseUsageDescription = "需要该权限以保证应用退出至后台后仍可以进行跑步定位";
				INFOPLIST_KEY_NSLocationWhenInUseUsageDescription = "App需要获取您的位置信息以提供定位服务。";
				INFOPLIST_KEY_NSMotionUsageDescription = "This app requires access to motion data for step counting.";
				INFOPLIST_KEY_UIApplicationSceneManifest_Generation = YES;
				INFOPLIST_KEY_UIApplicationSupportsIndirectInputEvents = YES;
				INFOPLIST_KEY_UILaunchScreen_Generation = YES;
				INFOPLIST_KEY_UISupportedInterfaceOrientations_iPad = "UIInterfaceOrientationPortrait UIInterfaceOrientationPortraitUpsideDown UIInterfaceOrientationLandscapeLeft UIInterfaceOrientationLandscapeRight";
				INFOPLIST_KEY_UISupportedInterfaceOrientations_iPhone = "UIInterfaceOrientationPortrait UIInterfaceOrientationLandscapeLeft UIInterfaceOrientationLandscapeRight";
				IPHONEOS_DEPLOYMENT_TARGET = 16.0;
				LD_RUNPATH_SEARCH_PATHS = (
					"$(inherited)",
					"@executable_path/Frameworks",
				);
				MARKETING_VERSION = 1.0;
				PRODUCT_BUNDLE_IDENTIFIER = com.elee.CoolRunning;
				PRODUCT_NAME = "$(TARGET_NAME)";
				SUPPORTED_PLATFORMS = "iphoneos iphonesimulator";
				SUPPORTS_MACCATALYST = NO;
				SUPPORTS_MAC_DESIGNED_FOR_IPHONE_IPAD = NO;
				SWIFT_EMIT_LOC_STRINGS = YES;
				SWIFT_VERSION = 5.0;
				TARGETED_DEVICE_FAMILY = 1;
			};
			name = Debug;
		};
		8DEB163E2A8C9ACA00A4DF1C /* Release */ = {
			isa = XCBuildConfiguration;
			baseConfigurationReference = 0DC74067B6CFD3BDA7F7FD80 /* Pods-CoolRunning.release.xcconfig */;
			buildSettings = {
				ASSETCATALOG_COMPILER_APPICON_NAME = AppIcon;
				ASSETCATALOG_COMPILER_GLOBAL_ACCENT_COLOR_NAME = AccentColor;
				CODE_SIGN_STYLE = Automatic;
				CURRENT_PROJECT_VERSION = 1;
				DEVELOPMENT_ASSET_PATHS = "\"CoolRunning/Preview Content\"";
				DEVELOPMENT_TEAM = DADW9Q983Q;
				ENABLE_PREVIEWS = YES;
				GENERATE_INFOPLIST_FILE = YES;
				INFOPLIST_FILE = CoolRunning/Info.plist;
				INFOPLIST_KEY_NSLocationAlwaysAndWhenInUseUsageDescription = "需要该权限以保证应用退出至后台后仍可以进行跑步定位";
				INFOPLIST_KEY_NSLocationWhenInUseUsageDescription = "App需要获取您的位置信息以提供定位服务。";
				INFOPLIST_KEY_NSMotionUsageDescription = "This app requires access to motion data for step counting.";
				INFOPLIST_KEY_UIApplicationSceneManifest_Generation = YES;
				INFOPLIST_KEY_UIApplicationSupportsIndirectInputEvents = YES;
				INFOPLIST_KEY_UILaunchScreen_Generation = YES;
				INFOPLIST_KEY_UISupportedInterfaceOrientations_iPad = "UIInterfaceOrientationPortrait UIInterfaceOrientationPortraitUpsideDown UIInterfaceOrientationLandscapeLeft UIInterfaceOrientationLandscapeRight";
				INFOPLIST_KEY_UISupportedInterfaceOrientations_iPhone = "UIInterfaceOrientationPortrait UIInterfaceOrientationLandscapeLeft UIInterfaceOrientationLandscapeRight";
				IPHONEOS_DEPLOYMENT_TARGET = 16.0;
				LD_RUNPATH_SEARCH_PATHS = (
					"$(inherited)",
					"@executable_path/Frameworks",
				);
				MARKETING_VERSION = 1.0;
				PRODUCT_BUNDLE_IDENTIFIER = com.elee.CoolRunning;
				PRODUCT_NAME = "$(TARGET_NAME)";
				SUPPORTED_PLATFORMS = "iphoneos iphonesimulator";
				SUPPORTS_MACCATALYST = NO;
				SUPPORTS_MAC_DESIGNED_FOR_IPHONE_IPAD = NO;
				SWIFT_EMIT_LOC_STRINGS = YES;
				SWIFT_VERSION = 5.0;
				TARGETED_DEVICE_FAMILY = 1;
			};
			name = Release;
		};
/* End XCBuildConfiguration section */

/* Begin XCConfigurationList section */
		8DEB16292A8C9ACA00A4DF1C /* Build configuration list for PBXProject "CoolRunning" */ = {
			isa = XCConfigurationList;
			buildConfigurations = (
				8DEB163A2A8C9ACA00A4DF1C /* Debug */,
				8DEB163B2A8C9ACA00A4DF1C /* Release */,
			);
			defaultConfigurationIsVisible = 0;
			defaultConfigurationName = Release;
		};
		8DEB163C2A8C9ACA00A4DF1C /* Build configuration list for PBXNativeTarget "CoolRunning" */ = {
			isa = XCConfigurationList;
			buildConfigurations = (
				8DEB163D2A8C9ACA00A4DF1C /* Debug */,
				8DEB163E2A8C9ACA00A4DF1C /* Release */,
			);
			defaultConfigurationIsVisible = 0;
			defaultConfigurationName = Release;
		};
/* End XCConfigurationList section */
	};
	rootObject = 8DEB16262A8C9ACA00A4DF1C /* Project object */;
}
